// !$*UTF8*$!
{
	archiveVersion = 1;
	classes = {
	};
	objectVersion = 46;
	objects = {

/* Begin PBXBuildFile section */
		691B8E1620DAB5A100B11216 /* Workarounds.swift in Sources */ = {isa = PBXBuildFile; fileRef = 691B8E1520DAB5A100B11216 /* Workarounds.swift */; };
		BE0CD1141D178D3700BB6E4A /* UIViewController+Dictionary.swift in Sources */ = {isa = PBXBuildFile; fileRef = BE0CD1131D178D3700BB6E4A /* UIViewController+Dictionary.swift */; };
		BE7599A11D04636E006FBB80 /* WordList.swift in Sources */ = {isa = PBXBuildFile; fileRef = BE7599A01D04636E006FBB80 /* WordList.swift */; };
		BE776E571D09D60700D4A315 /* Preferences.swift in Sources */ = {isa = PBXBuildFile; fileRef = BE776E561D09D60700D4A315 /* Preferences.swift */; };
		BE820C601D14717400CD6ABA /* AddWordViewController.swift in Sources */ = {isa = PBXBuildFile; fileRef = BE820C5F1D14717400CD6ABA /* AddWordViewController.swift */; };
		BE918C501A22A5F5006043CF /* AppDelegate.swift in Sources */ = {isa = PBXBuildFile; fileRef = BE918C4F1A22A5F5006043CF /* AppDelegate.swift */; };
		BE918C521A22A5F5006043CF /* WordListViewController.swift in Sources */ = {isa = PBXBuildFile; fileRef = BE918C511A22A5F5006043CF /* WordListViewController.swift */; };
		BE918C551A22A5F5006043CF /* Main.storyboard in Resources */ = {isa = PBXBuildFile; fileRef = BE918C531A22A5F5006043CF /* Main.storyboard */; };
		BE918C571A22A5F5006043CF /* Images.xcassets in Resources */ = {isa = PBXBuildFile; fileRef = BE918C561A22A5F5006043CF /* Images.xcassets */; };
		BEA413C61D1DC32F00D177C2 /* AddWordViewControllerTests.swift in Sources */ = {isa = PBXBuildFile; fileRef = BEA413C51D1DC32F00D177C2 /* AddWordViewControllerTests.swift */; };
		BEA413C81D1DC6B400D177C2 /* WordListTests.swift in Sources */ = {isa = PBXBuildFile; fileRef = BEA413C71D1DC6B400D177C2 /* WordListTests.swift */; };
		BEB2324F1D1DD3B800369560 /* KotobaUITests.swift in Sources */ = {isa = PBXBuildFile; fileRef = BEB2324E1D1DD3B800369560 /* KotobaUITests.swift */; };
/* End PBXBuildFile section */

/* Begin PBXContainerItemProxy section */
		BEA413BC1D1CABB600D177C2 /* PBXContainerItemProxy */ = {
			isa = PBXContainerItemProxy;
			containerPortal = BE918C421A22A5F5006043CF /* Project object */;
			proxyType = 1;
			remoteGlobalIDString = BE918C491A22A5F5006043CF;
			remoteInfo = Kotoba;
		};
		BEB232511D1DD3B800369560 /* PBXContainerItemProxy */ = {
			isa = PBXContainerItemProxy;
			containerPortal = BE918C421A22A5F5006043CF /* Project object */;
			proxyType = 1;
			remoteGlobalIDString = BE918C491A22A5F5006043CF;
			remoteInfo = Kotoba;
		};
/* End PBXContainerItemProxy section */

/* Begin PBXFileReference section */
		691B8E1520DAB5A100B11216 /* Workarounds.swift */ = {isa = PBXFileReference; lastKnownFileType = sourcecode.swift; path = Workarounds.swift; sourceTree = "<group>"; };
		BE0CD1131D178D3700BB6E4A /* UIViewController+Dictionary.swift */ = {isa = PBXFileReference; fileEncoding = 4; lastKnownFileType = sourcecode.swift; path = "UIViewController+Dictionary.swift"; sourceTree = "<group>"; };
		BE7599A01D04636E006FBB80 /* WordList.swift */ = {isa = PBXFileReference; fileEncoding = 4; lastKnownFileType = sourcecode.swift; path = WordList.swift; sourceTree = "<group>"; };
		BE776E561D09D60700D4A315 /* Preferences.swift */ = {isa = PBXFileReference; fileEncoding = 4; lastKnownFileType = sourcecode.swift; path = Preferences.swift; sourceTree = "<group>"; };
		BE820C5F1D14717400CD6ABA /* AddWordViewController.swift */ = {isa = PBXFileReference; fileEncoding = 4; lastKnownFileType = sourcecode.swift; path = AddWordViewController.swift; sourceTree = "<group>"; };
		BE918C4A1A22A5F5006043CF /* Kotoba.app */ = {isa = PBXFileReference; explicitFileType = wrapper.application; includeInIndex = 0; path = Kotoba.app; sourceTree = BUILT_PRODUCTS_DIR; };
		BE918C4E1A22A5F5006043CF /* Info.plist */ = {isa = PBXFileReference; lastKnownFileType = text.plist.xml; path = Info.plist; sourceTree = "<group>"; };
		BE918C4F1A22A5F5006043CF /* AppDelegate.swift */ = {isa = PBXFileReference; lastKnownFileType = sourcecode.swift; path = AppDelegate.swift; sourceTree = "<group>"; };
		BE918C511A22A5F5006043CF /* WordListViewController.swift */ = {isa = PBXFileReference; lastKnownFileType = sourcecode.swift; path = WordListViewController.swift; sourceTree = "<group>"; };
		BE918C541A22A5F5006043CF /* Base */ = {isa = PBXFileReference; lastKnownFileType = file.storyboard; name = Base; path = Base.lproj/Main.storyboard; sourceTree = "<group>"; };
		BE918C561A22A5F5006043CF /* Images.xcassets */ = {isa = PBXFileReference; lastKnownFileType = folder.assetcatalog; path = Images.xcassets; sourceTree = "<group>"; };
		BEA413B71D1CABB600D177C2 /* KotobaTests.xctest */ = {isa = PBXFileReference; explicitFileType = wrapper.cfbundle; includeInIndex = 0; path = KotobaTests.xctest; sourceTree = BUILT_PRODUCTS_DIR; };
		BEA413BB1D1CABB600D177C2 /* Info.plist */ = {isa = PBXFileReference; lastKnownFileType = text.plist.xml; path = Info.plist; sourceTree = "<group>"; };
		BEA413C51D1DC32F00D177C2 /* AddWordViewControllerTests.swift */ = {isa = PBXFileReference; fileEncoding = 4; lastKnownFileType = sourcecode.swift; path = AddWordViewControllerTests.swift; sourceTree = "<group>"; };
		BEA413C71D1DC6B400D177C2 /* WordListTests.swift */ = {isa = PBXFileReference; fileEncoding = 4; lastKnownFileType = sourcecode.swift; path = WordListTests.swift; sourceTree = "<group>"; };
		BEB2324C1D1DD3B800369560 /* KotobaUITests.xctest */ = {isa = PBXFileReference; explicitFileType = wrapper.cfbundle; includeInIndex = 0; path = KotobaUITests.xctest; sourceTree = BUILT_PRODUCTS_DIR; };
		BEB2324E1D1DD3B800369560 /* KotobaUITests.swift */ = {isa = PBXFileReference; lastKnownFileType = sourcecode.swift; path = KotobaUITests.swift; sourceTree = "<group>"; };
		BEB232501D1DD3B800369560 /* Info.plist */ = {isa = PBXFileReference; lastKnownFileType = text.plist.xml; path = Info.plist; sourceTree = "<group>"; };
/* End PBXFileReference section */

/* Begin PBXFrameworksBuildPhase section */
		BE918C471A22A5F5006043CF /* Frameworks */ = {
			isa = PBXFrameworksBuildPhase;
			buildActionMask = 2147483647;
			files = (
			);
			runOnlyForDeploymentPostprocessing = 0;
		};
		BEA413B41D1CABB600D177C2 /* Frameworks */ = {
			isa = PBXFrameworksBuildPhase;
			buildActionMask = 2147483647;
			files = (
			);
			runOnlyForDeploymentPostprocessing = 0;
		};
		BEB232491D1DD3B800369560 /* Frameworks */ = {
			isa = PBXFrameworksBuildPhase;
			buildActionMask = 2147483647;
			files = (
			);
			runOnlyForDeploymentPostprocessing = 0;
		};
/* End PBXFrameworksBuildPhase section */

/* Begin PBXGroup section */
		BE918C411A22A5F5006043CF = {
			isa = PBXGroup;
			children = (
				BE918C4C1A22A5F5006043CF /* Kotoba */,
				BEA413B81D1CABB600D177C2 /* KotobaTests */,
				BEB2324D1D1DD3B800369560 /* KotobaUITests */,
				BE918C4B1A22A5F5006043CF /* Products */,
			);
			sourceTree = "<group>";
		};
		BE918C4B1A22A5F5006043CF /* Products */ = {
			isa = PBXGroup;
			children = (
				BE918C4A1A22A5F5006043CF /* Kotoba.app */,
				BEA413B71D1CABB600D177C2 /* KotobaTests.xctest */,
				BEB2324C1D1DD3B800369560 /* KotobaUITests.xctest */,
			);
			name = Products;
			sourceTree = "<group>";
		};
		BE918C4C1A22A5F5006043CF /* Kotoba */ = {
			isa = PBXGroup;
			children = (
				BE918C4F1A22A5F5006043CF /* AppDelegate.swift */,
				BE918C511A22A5F5006043CF /* WordListViewController.swift */,
				BE820C5F1D14717400CD6ABA /* AddWordViewController.swift */,
				BE0CD1131D178D3700BB6E4A /* UIViewController+Dictionary.swift */,
				BE7599A01D04636E006FBB80 /* WordList.swift */,
				BE776E561D09D60700D4A315 /* Preferences.swift */,
				691B8E1520DAB5A100B11216 /* Workarounds.swift */,
				BE918C531A22A5F5006043CF /* Main.storyboard */,
				BE918C561A22A5F5006043CF /* Images.xcassets */,
				BE918C4D1A22A5F5006043CF /* Supporting Files */,
			);
			path = Kotoba;
			sourceTree = "<group>";
		};
		BE918C4D1A22A5F5006043CF /* Supporting Files */ = {
			isa = PBXGroup;
			children = (
				BE918C4E1A22A5F5006043CF /* Info.plist */,
			);
			name = "Supporting Files";
			sourceTree = "<group>";
		};
		BEA413B81D1CABB600D177C2 /* KotobaTests */ = {
			isa = PBXGroup;
			children = (
				BEA413BB1D1CABB600D177C2 /* Info.plist */,
				BEA413C51D1DC32F00D177C2 /* AddWordViewControllerTests.swift */,
				BEA413C71D1DC6B400D177C2 /* WordListTests.swift */,
			);
			path = KotobaTests;
			sourceTree = "<group>";
		};
		BEB2324D1D1DD3B800369560 /* KotobaUITests */ = {
			isa = PBXGroup;
			children = (
				BEB2324E1D1DD3B800369560 /* KotobaUITests.swift */,
				BEB232501D1DD3B800369560 /* Info.plist */,
			);
			path = KotobaUITests;
			sourceTree = "<group>";
		};
/* End PBXGroup section */

/* Begin PBXNativeTarget section */
		BE918C491A22A5F5006043CF /* Kotoba */ = {
			isa = PBXNativeTarget;
			buildConfigurationList = BE918C691A22A5F5006043CF /* Build configuration list for PBXNativeTarget "Kotoba" */;
			buildPhases = (
				BE776E551D087C7700D4A315 /* ShellScript */,
				BE918C461A22A5F5006043CF /* Sources */,
				BE918C471A22A5F5006043CF /* Frameworks */,
				BE918C481A22A5F5006043CF /* Resources */,
			);
			buildRules = (
			);
			dependencies = (
			);
			name = Kotoba;
			productName = Dictionary;
			productReference = BE918C4A1A22A5F5006043CF /* Kotoba.app */;
			productType = "com.apple.product-type.application";
		};
		BEA413B61D1CABB600D177C2 /* KotobaTests */ = {
			isa = PBXNativeTarget;
			buildConfigurationList = BEA413C01D1CABB600D177C2 /* Build configuration list for PBXNativeTarget "KotobaTests" */;
			buildPhases = (
				BEA413B31D1CABB600D177C2 /* Sources */,
				BEA413B41D1CABB600D177C2 /* Frameworks */,
				BEA413B51D1CABB600D177C2 /* Resources */,
			);
			buildRules = (
			);
			dependencies = (
				BEA413BD1D1CABB600D177C2 /* PBXTargetDependency */,
			);
			name = KotobaTests;
			productName = KotobaTests;
			productReference = BEA413B71D1CABB600D177C2 /* KotobaTests.xctest */;
			productType = "com.apple.product-type.bundle.unit-test";
		};
		BEB2324B1D1DD3B800369560 /* KotobaUITests */ = {
			isa = PBXNativeTarget;
			buildConfigurationList = BEB232551D1DD3B800369560 /* Build configuration list for PBXNativeTarget "KotobaUITests" */;
			buildPhases = (
				BEB232481D1DD3B800369560 /* Sources */,
				BEB232491D1DD3B800369560 /* Frameworks */,
				BEB2324A1D1DD3B800369560 /* Resources */,
			);
			buildRules = (
			);
			dependencies = (
				BEB232521D1DD3B800369560 /* PBXTargetDependency */,
			);
			name = KotobaUITests;
			productName = KotobaUITests;
			productReference = BEB2324C1D1DD3B800369560 /* KotobaUITests.xctest */;
			productType = "com.apple.product-type.bundle.ui-testing";
		};
/* End PBXNativeTarget section */

/* Begin PBXProject section */
		BE918C421A22A5F5006043CF /* Project object */ = {
			isa = PBXProject;
			attributes = {
				LastSwiftMigration = 0730;
				LastSwiftUpdateCheck = 0730;
				LastUpgradeCheck = 0900;
				ORGANIZATIONNAME = "Will Hains";
				TargetAttributes = {
					BE918C491A22A5F5006043CF = {
						CreatedOnToolsVersion = 6.2;
						DevelopmentTeam = 8B38X92RJ6;
						LastSwiftMigration = 0900;
					};
					BEA413B61D1CABB600D177C2 = {
						CreatedOnToolsVersion = 7.3;
						LastSwiftMigration = 0900;
						TestTargetID = BE918C491A22A5F5006043CF;
					};
					BEB2324B1D1DD3B800369560 = {
						CreatedOnToolsVersion = 7.3;
						LastSwiftMigration = 0900;
						TestTargetID = BE918C491A22A5F5006043CF;
					};
				};
			};
			buildConfigurationList = BE918C451A22A5F5006043CF /* Build configuration list for PBXProject "Kotoba" */;
			compatibilityVersion = "Xcode 3.2";
			developmentRegion = English;
			hasScannedForEncodings = 0;
			knownRegions = (
				en,
				Base,
			);
			mainGroup = BE918C411A22A5F5006043CF;
			productRefGroup = BE918C4B1A22A5F5006043CF /* Products */;
			projectDirPath = "";
			projectRoot = "";
			targets = (
				BE918C491A22A5F5006043CF /* Kotoba */,
				BEA413B61D1CABB600D177C2 /* KotobaTests */,
				BEB2324B1D1DD3B800369560 /* KotobaUITests */,
			);
		};
/* End PBXProject section */

/* Begin PBXResourcesBuildPhase section */
		BE918C481A22A5F5006043CF /* Resources */ = {
			isa = PBXResourcesBuildPhase;
			buildActionMask = 2147483647;
			files = (
				BE918C551A22A5F5006043CF /* Main.storyboard in Resources */,
				BE918C571A22A5F5006043CF /* Images.xcassets in Resources */,
			);
			runOnlyForDeploymentPostprocessing = 0;
		};
		BEA413B51D1CABB600D177C2 /* Resources */ = {
			isa = PBXResourcesBuildPhase;
			buildActionMask = 2147483647;
			files = (
			);
			runOnlyForDeploymentPostprocessing = 0;
		};
		BEB2324A1D1DD3B800369560 /* Resources */ = {
			isa = PBXResourcesBuildPhase;
			buildActionMask = 2147483647;
			files = (
			);
			runOnlyForDeploymentPostprocessing = 0;
		};
/* End PBXResourcesBuildPhase section */

/* Begin PBXShellScriptBuildPhase section */
		BE776E551D087C7700D4A315 /* ShellScript */ = {
			isa = PBXShellScriptBuildPhase;
			buildActionMask = 2147483647;
			files = (
			);
			inputPaths = (
			);
			outputPaths = (
			);
			runOnlyForDeploymentPostprocessing = 0;
			shellPath = /bin/bash;
			shellScript = "#!/bin/bash\nbuildNumber=$(/usr/libexec/PlistBuddy -c \"Print CFBundleVersion\" \"$INFOPLIST_FILE\"); echo $buildNumber\nbuildNumber=$(($buildNumber + 1)); echo $buildNumber\nbuildNumber=$(printf \"%d\" $buildNumber); echo $buildNumber\n/usr/libexec/PlistBuddy -c \"Set :CFBundleVersion $buildNumber\" \"$INFOPLIST_FILE\"";
		};
/* End PBXShellScriptBuildPhase section */

/* Begin PBXSourcesBuildPhase section */
		BE918C461A22A5F5006043CF /* Sources */ = {
			isa = PBXSourcesBuildPhase;
			buildActionMask = 2147483647;
			files = (
				691B8E1620DAB5A100B11216 /* Workarounds.swift in Sources */,
				BE7599A11D04636E006FBB80 /* WordList.swift in Sources */,
				BE918C521A22A5F5006043CF /* WordListViewController.swift in Sources */,
				BE820C601D14717400CD6ABA /* AddWordViewController.swift in Sources */,
				BE776E571D09D60700D4A315 /* Preferences.swift in Sources */,
				BE0CD1141D178D3700BB6E4A /* UIViewController+Dictionary.swift in Sources */,
				BE918C501A22A5F5006043CF /* AppDelegate.swift in Sources */,
			);
			runOnlyForDeploymentPostprocessing = 0;
		};
		BEA413B31D1CABB600D177C2 /* Sources */ = {
			isa = PBXSourcesBuildPhase;
			buildActionMask = 2147483647;
			files = (
				BEA413C61D1DC32F00D177C2 /* AddWordViewControllerTests.swift in Sources */,
				BEA413C81D1DC6B400D177C2 /* WordListTests.swift in Sources */,
			);
			runOnlyForDeploymentPostprocessing = 0;
		};
		BEB232481D1DD3B800369560 /* Sources */ = {
			isa = PBXSourcesBuildPhase;
			buildActionMask = 2147483647;
			files = (
				BEB2324F1D1DD3B800369560 /* KotobaUITests.swift in Sources */,
			);
			runOnlyForDeploymentPostprocessing = 0;
		};
/* End PBXSourcesBuildPhase section */

/* Begin PBXTargetDependency section */
		BEA413BD1D1CABB600D177C2 /* PBXTargetDependency */ = {
			isa = PBXTargetDependency;
			target = BE918C491A22A5F5006043CF /* Kotoba */;
			targetProxy = BEA413BC1D1CABB600D177C2 /* PBXContainerItemProxy */;
		};
		BEB232521D1DD3B800369560 /* PBXTargetDependency */ = {
			isa = PBXTargetDependency;
			target = BE918C491A22A5F5006043CF /* Kotoba */;
			targetProxy = BEB232511D1DD3B800369560 /* PBXContainerItemProxy */;
		};
/* End PBXTargetDependency section */

/* Begin PBXVariantGroup section */
		BE918C531A22A5F5006043CF /* Main.storyboard */ = {
			isa = PBXVariantGroup;
			children = (
				BE918C541A22A5F5006043CF /* Base */,
			);
			name = Main.storyboard;
			sourceTree = "<group>";
		};
/* End PBXVariantGroup section */

/* Begin XCBuildConfiguration section */
		BE918C671A22A5F5006043CF /* Debug */ = {
			isa = XCBuildConfiguration;
			buildSettings = {
				ALWAYS_SEARCH_USER_PATHS = NO;
				CLANG_CXX_LANGUAGE_STANDARD = "gnu++0x";
				CLANG_CXX_LIBRARY = "libc++";
				CLANG_ENABLE_MODULES = YES;
				CLANG_ENABLE_OBJC_ARC = YES;
				CLANG_WARN_BLOCK_CAPTURE_AUTORELEASING = YES;
				CLANG_WARN_BOOL_CONVERSION = YES;
				CLANG_WARN_COMMA = YES;
				CLANG_WARN_CONSTANT_CONVERSION = YES;
				CLANG_WARN_DIRECT_OBJC_ISA_USAGE = YES_ERROR;
				CLANG_WARN_EMPTY_BODY = YES;
				CLANG_WARN_ENUM_CONVERSION = YES;
				CLANG_WARN_INFINITE_RECURSION = YES;
				CLANG_WARN_INT_CONVERSION = YES;
				CLANG_WARN_NON_LITERAL_NULL_CONVERSION = YES;
				CLANG_WARN_OBJC_LITERAL_CONVERSION = YES;
				CLANG_WARN_OBJC_ROOT_CLASS = YES_ERROR;
				CLANG_WARN_RANGE_LOOP_ANALYSIS = YES;
				CLANG_WARN_STRICT_PROTOTYPES = YES;
				CLANG_WARN_SUSPICIOUS_MOVE = YES;
				CLANG_WARN_UNREACHABLE_CODE = YES;
				CLANG_WARN__DUPLICATE_METHOD_MATCH = YES;
				"CODE_SIGN_IDENTITY[sdk=iphoneos*]" = "iPhone Developer";
				COPY_PHASE_STRIP = NO;
				ENABLE_STRICT_OBJC_MSGSEND = YES;
				ENABLE_TESTABILITY = YES;
				GCC_C_LANGUAGE_STANDARD = gnu99;
				GCC_DYNAMIC_NO_PIC = NO;
				GCC_NO_COMMON_BLOCKS = YES;
				GCC_OPTIMIZATION_LEVEL = 0;
				GCC_PREPROCESSOR_DEFINITIONS = (
					"DEBUG=1",
					"$(inherited)",
				);
				GCC_SYMBOLS_PRIVATE_EXTERN = NO;
				GCC_WARN_64_TO_32_BIT_CONVERSION = YES;
				GCC_WARN_ABOUT_RETURN_TYPE = YES_ERROR;
				GCC_WARN_UNDECLARED_SELECTOR = YES;
				GCC_WARN_UNINITIALIZED_AUTOS = YES_AGGRESSIVE;
				GCC_WARN_UNUSED_FUNCTION = YES;
				GCC_WARN_UNUSED_VARIABLE = YES;
				MTL_ENABLE_DEBUG_INFO = YES;
				ONLY_ACTIVE_ARCH = YES;
				SDKROOT = iphoneos;
				SWIFT_OPTIMIZATION_LEVEL = "-Onone";
				TARGETED_DEVICE_FAMILY = "1,2";
			};
			name = Debug;
		};
		BE918C681A22A5F5006043CF /* Release */ = {
			isa = XCBuildConfiguration;
			buildSettings = {
				ALWAYS_SEARCH_USER_PATHS = NO;
				CLANG_CXX_LANGUAGE_STANDARD = "gnu++0x";
				CLANG_CXX_LIBRARY = "libc++";
				CLANG_ENABLE_MODULES = YES;
				CLANG_ENABLE_OBJC_ARC = YES;
				CLANG_WARN_BLOCK_CAPTURE_AUTORELEASING = YES;
				CLANG_WARN_BOOL_CONVERSION = YES;
				CLANG_WARN_COMMA = YES;
				CLANG_WARN_CONSTANT_CONVERSION = YES;
				CLANG_WARN_DIRECT_OBJC_ISA_USAGE = YES_ERROR;
				CLANG_WARN_EMPTY_BODY = YES;
				CLANG_WARN_ENUM_CONVERSION = YES;
				CLANG_WARN_INFINITE_RECURSION = YES;
				CLANG_WARN_INT_CONVERSION = YES;
				CLANG_WARN_NON_LITERAL_NULL_CONVERSION = YES;
				CLANG_WARN_OBJC_LITERAL_CONVERSION = YES;
				CLANG_WARN_OBJC_ROOT_CLASS = YES_ERROR;
				CLANG_WARN_RANGE_LOOP_ANALYSIS = YES;
				CLANG_WARN_STRICT_PROTOTYPES = YES;
				CLANG_WARN_SUSPICIOUS_MOVE = YES;
				CLANG_WARN_UNREACHABLE_CODE = YES;
				CLANG_WARN__DUPLICATE_METHOD_MATCH = YES;
				"CODE_SIGN_IDENTITY[sdk=iphoneos*]" = "iPhone Developer";
				COPY_PHASE_STRIP = YES;
				ENABLE_NS_ASSERTIONS = NO;
				ENABLE_STRICT_OBJC_MSGSEND = YES;
				GCC_C_LANGUAGE_STANDARD = gnu99;
				GCC_NO_COMMON_BLOCKS = YES;
				GCC_WARN_64_TO_32_BIT_CONVERSION = YES;
				GCC_WARN_ABOUT_RETURN_TYPE = YES_ERROR;
				GCC_WARN_UNDECLARED_SELECTOR = YES;
				GCC_WARN_UNINITIALIZED_AUTOS = YES_AGGRESSIVE;
				GCC_WARN_UNUSED_FUNCTION = YES;
				GCC_WARN_UNUSED_VARIABLE = YES;
				MTL_ENABLE_DEBUG_INFO = NO;
				SDKROOT = iphoneos;
				TARGETED_DEVICE_FAMILY = "1,2";
				VALIDATE_PRODUCT = YES;
			};
			name = Release;
		};
		BE918C6A1A22A5F5006043CF /* Debug */ = {
			isa = XCBuildConfiguration;
			buildSettings = {
				ASSETCATALOG_COMPILER_APPICON_NAME = "AppIcon-red";
				ASSETCATALOG_COMPILER_LAUNCHIMAGE_NAME = LaunchImage;
				CODE_SIGN_IDENTITY = "iPhone Developer";
				"CODE_SIGN_IDENTITY[sdk=iphoneos*]" = "iPhone Developer";
				DEVELOPMENT_TEAM = 8B38X92RJ6;
				INFOPLIST_FILE = Kotoba/Info.plist;
				LD_RUNPATH_SEARCH_PATHS = "$(inherited) @executable_path/Frameworks";
				PRODUCT_BUNDLE_IDENTIFIER = "com.willhains.$(PRODUCT_NAME:rfc1034identifier)";
				PRODUCT_NAME = "$(TARGET_NAME)";
				PROVISIONING_PROFILE = "";
				SWIFT_SWIFT3_OBJC_INFERENCE = Default;
				SWIFT_VERSION = 4.0;
				TARGETED_DEVICE_FAMILY = 1;
			};
			name = Debug;
		};
		BE918C6B1A22A5F5006043CF /* Release */ = {
			isa = XCBuildConfiguration;
			buildSettings = {
				ASSETCATALOG_COMPILER_APPICON_NAME = "AppIcon-red";
				ASSETCATALOG_COMPILER_LAUNCHIMAGE_NAME = LaunchImage;
				CODE_SIGN_IDENTITY = "iPhone Developer";
				"CODE_SIGN_IDENTITY[sdk=iphoneos*]" = "iPhone Developer";
				DEVELOPMENT_TEAM = 8B38X92RJ6;
				INFOPLIST_FILE = Kotoba/Info.plist;
				LD_RUNPATH_SEARCH_PATHS = "$(inherited) @executable_path/Frameworks";
				PRODUCT_BUNDLE_IDENTIFIER = "com.willhains.$(PRODUCT_NAME:rfc1034identifier)";
				PRODUCT_NAME = "$(TARGET_NAME)";
				PROVISIONING_PROFILE = "";
				SWIFT_OPTIMIZATION_LEVEL = "-Owholemodule";
				SWIFT_SWIFT3_OBJC_INFERENCE = Default;
				SWIFT_VERSION = 4.0;
				TARGETED_DEVICE_FAMILY = 1;
			};
			name = Release;
		};
		BEA413BE1D1CABB600D177C2 /* Debug */ = {
			isa = XCBuildConfiguration;
			buildSettings = {
				BUNDLE_LOADER = "$(TEST_HOST)";
				CLANG_ANALYZER_NONNULL = YES;
				DEBUG_INFORMATION_FORMAT = dwarf;
				GCC_NO_COMMON_BLOCKS = YES;
				INFOPLIST_FILE = KotobaTests/Info.plist;
				LD_RUNPATH_SEARCH_PATHS = "$(inherited) @executable_path/Frameworks @loader_path/Frameworks";
				PRODUCT_BUNDLE_IDENTIFIER = com.willhains.KotobaTests;
				PRODUCT_NAME = "$(TARGET_NAME)";
				SWIFT_SWIFT3_OBJC_INFERENCE = Default;
				SWIFT_VERSION = 4.0;
				TEST_HOST = "$(BUILT_PRODUCTS_DIR)/Kotoba.app/Kotoba";
			};
			name = Debug;
		};
		BEA413BF1D1CABB600D177C2 /* Release */ = {
			isa = XCBuildConfiguration;
			buildSettings = {
				BUNDLE_LOADER = "$(TEST_HOST)";
				CLANG_ANALYZER_NONNULL = YES;
				COPY_PHASE_STRIP = NO;
				DEBUG_INFORMATION_FORMAT = "dwarf-with-dsym";
				GCC_NO_COMMON_BLOCKS = YES;
				INFOPLIST_FILE = KotobaTests/Info.plist;
				LD_RUNPATH_SEARCH_PATHS = "$(inherited) @executable_path/Frameworks @loader_path/Frameworks";
				PRODUCT_BUNDLE_IDENTIFIER = com.willhains.KotobaTests;
				PRODUCT_NAME = "$(TARGET_NAME)";
				SWIFT_OPTIMIZATION_LEVEL = "-Owholemodule";
				SWIFT_SWIFT3_OBJC_INFERENCE = Default;
				SWIFT_VERSION = 4.0;
				TEST_HOST = "$(BUILT_PRODUCTS_DIR)/Kotoba.app/Kotoba";
			};
			name = Release;
		};
		BEB232531D1DD3B800369560 /* Debug */ = {
			isa = XCBuildConfiguration;
			buildSettings = {
				CLANG_ANALYZER_NONNULL = YES;
				DEBUG_INFORMATION_FORMAT = dwarf;
				GCC_NO_COMMON_BLOCKS = YES;
				INFOPLIST_FILE = KotobaUITests/Info.plist;
				LD_RUNPATH_SEARCH_PATHS = "$(inherited) @executable_path/Frameworks @loader_path/Frameworks";
				PRODUCT_BUNDLE_IDENTIFIER = com.willhains.KotobaUITests;
				PRODUCT_NAME = "$(TARGET_NAME)";
				SWIFT_SWIFT3_OBJC_INFERENCE = Default;
				SWIFT_VERSION = 4.0;
				TEST_TARGET_NAME = Kotoba;
			};
			name = Debug;
		};
		BEB232541D1DD3B800369560 /* Release */ = {
			isa = XCBuildConfiguration;
			buildSettings = {
				CLANG_ANALYZER_NONNULL = YES;
				COPY_PHASE_STRIP = NO;
				DEBUG_INFORMATION_FORMAT = "dwarf-with-dsym";
				GCC_NO_COMMON_BLOCKS = YES;
				INFOPLIST_FILE = KotobaUITests/Info.plist;
				LD_RUNPATH_SEARCH_PATHS = "$(inherited) @executable_path/Frameworks @loader_path/Frameworks";
				PRODUCT_BUNDLE_IDENTIFIER = com.willhains.KotobaUITests;
				PRODUCT_NAME = "$(TARGET_NAME)";
				SWIFT_OPTIMIZATION_LEVEL = "-Owholemodule";
				SWIFT_SWIFT3_OBJC_INFERENCE = Default;
				SWIFT_VERSION = 4.0;
				TEST_TARGET_NAME = Kotoba;
			};
			name = Release;
		};
/* End XCBuildConfiguration section */

/* Begin XCConfigurationList section */
		BE918C451A22A5F5006043CF /* Build configuration list for PBXProject "Kotoba" */ = {
			isa = XCConfigurationList;
			buildConfigurations = (
				BE918C671A22A5F5006043CF /* Debug */,
				BE918C681A22A5F5006043CF /* Release */,
			);
			defaultConfigurationIsVisible = 0;
			defaultConfigurationName = Release;
		};
		BE918C691A22A5F5006043CF /* Build configuration list for PBXNativeTarget "Kotoba" */ = {
			isa = XCConfigurationList;
			buildConfigurations = (
				BE918C6A1A22A5F5006043CF /* Debug */,
				BE918C6B1A22A5F5006043CF /* Release */,
			);
			defaultConfigurationIsVisible = 0;
			defaultConfigurationName = Release;
		};
		BEA413C01D1CABB600D177C2 /* Build configuration list for PBXNativeTarget "KotobaTests" */ = {
			isa = XCConfigurationList;
			buildConfigurations = (
				BEA413BE1D1CABB600D177C2 /* Debug */,
				BEA413BF1D1CABB600D177C2 /* Release */,
			);
			defaultConfigurationIsVisible = 0;
			defaultConfigurationName = Release;
		};
		BEB232551D1DD3B800369560 /* Build configuration list for PBXNativeTarget "KotobaUITests" */ = {
			isa = XCConfigurationList;
			buildConfigurations = (
				BEB232531D1DD3B800369560 /* Debug */,
				BEB232541D1DD3B800369560 /* Release */,
			);
			defaultConfigurationIsVisible = 0;
			defaultConfigurationName = Release;
		};
/* End XCConfigurationList section */
	};
	rootObject = BE918C421A22A5F5006043CF /* Project object */;
}
