// !$*UTF8*$!
{
	archiveVersion = 1;
	classes = {
	};
	objectVersion = 46;
	objects = {

/* Begin PBXBuildFile section */
		4440B41D236CF92100369CE8 /* Colors.xcassets in Resources */ = {isa = PBXBuildFile; fileRef = 4440B41C236CF92100369CE8 /* Colors.xcassets */; };
		4475E234286F8A2200E2B0B3 /* Colors.xcassets in Resources */ = {isa = PBXBuildFile; fileRef = 4440B41C236CF92100369CE8 /* Colors.xcassets */; };
		44B821182391CF20004B8142 /* PasteboardWordList.swift in Sources */ = {isa = PBXBuildFile; fileRef = 44B821172391CF20004B8142 /* PasteboardWordList.swift */; };
		44CFA6AB2381F0CB00D7ECCC /* Debug.swift in Sources */ = {isa = PBXBuildFile; fileRef = 44CFA6AA2381F0CB00D7ECCC /* Debug.swift */; };
		44D1096623A84262007C477C /* Localizable.strings in Resources */ = {isa = PBXBuildFile; fileRef = 44D1096423A84262007C477C /* Localizable.strings */; };
		44FD6CD02389C90F00FF245E /* KotobaNavigationController.swift in Sources */ = {isa = PBXBuildFile; fileRef = 44FD6CCF2389C90F00FF245E /* KotobaNavigationController.swift */; };
		691B8E1620DAB5A100B11216 /* NSDictionary+Workaround.swift in Sources */ = {isa = PBXBuildFile; fileRef = 691B8E1520DAB5A100B11216 /* NSDictionary+Workaround.swift */; };
		967E90DCF68DDDBB112F5B00 /* RoundedView.swift in Sources */ = {isa = PBXBuildFile; fileRef = 967E98DD562220BBE20A8C1F /* RoundedView.swift */; };
		967E91E5CB3D704778878BA8 /* WordListStrings.swift in Sources */ = {isa = PBXBuildFile; fileRef = 967E9EDA541A0A73088A86DC /* WordListStrings.swift */; };
		967E92498C737FA472ECB06D /* WordListStore.swift in Sources */ = {isa = PBXBuildFile; fileRef = 967E9CB9914B758828733936 /* WordListStore.swift */; };
		967E935466EF962AA5045D91 /* Chocktuba.swift in Sources */ = {isa = PBXBuildFile; fileRef = 967E9C49B74C80223D273414 /* Chocktuba.swift */; };
		967E9945AE60D607F51330FF /* WordListStore.swift in Sources */ = {isa = PBXBuildFile; fileRef = 967E9CB9914B758828733936 /* WordListStore.swift */; };
		967E998BC07D453DE26EEE83 /* WordListDataSource.swift in Sources */ = {isa = PBXBuildFile; fileRef = 967E990F894B4E27CE8337A4 /* WordListDataSource.swift */; };
		967E99DE08067E1B31567C98 /* AppDelegate.swift in Sources */ = {isa = PBXBuildFile; fileRef = BE918C4F1A22A5F5006043CF /* AppDelegate.swift */; };
		967E9E3969BCBD8408ADCB69 /* WordListDataSource.swift in Sources */ = {isa = PBXBuildFile; fileRef = 967E990F894B4E27CE8337A4 /* WordListDataSource.swift */; };
		B6232DEF24A7881700B0CC38 /* RoundedView.swift in Sources */ = {isa = PBXBuildFile; fileRef = 967E98DD562220BBE20A8C1F /* RoundedView.swift */; };
		B62B309823B7F60900583D3D /* Localizable.stringsdict in Resources */ = {isa = PBXBuildFile; fileRef = B62B309A23B7F60900583D3D /* Localizable.stringsdict */; };
		B65A4E02238435ED000C9A4F /* Debug.swift in Sources */ = {isa = PBXBuildFile; fileRef = 44CFA6AA2381F0CB00D7ECCC /* Debug.swift */; };
		B65A4E03238435ED000C9A4F /* Debug.swift in Sources */ = {isa = PBXBuildFile; fileRef = 44CFA6AA2381F0CB00D7ECCC /* Debug.swift */; };
		B6C1049E238ECF94008E9C97 /* SettingsViewController.swift in Sources */ = {isa = PBXBuildFile; fileRef = B6C1049D238ECF94008E9C97 /* SettingsViewController.swift */; };
		B6D7CC7723EA0EC8007F36DF /* KotobaAppStoreScreenshots.swift in Sources */ = {isa = PBXBuildFile; fileRef = B6D7CC7623EA0EC8007F36DF /* KotobaAppStoreScreenshots.swift */; };
		B6D9A56324A1D71D001D665D /* WordListStrings.swift in Sources */ = {isa = PBXBuildFile; fileRef = 967E9EDA541A0A73088A86DC /* WordListStrings.swift */; };
		B6F3964324624C93009E0B7C /* PasteboardWordList.swift in Sources */ = {isa = PBXBuildFile; fileRef = 44B821172391CF20004B8142 /* PasteboardWordList.swift */; };
		B6F39644246281CE009E0B7C /* KotobaNavigationController.swift in Sources */ = {isa = PBXBuildFile; fileRef = 44FD6CCF2389C90F00FF245E /* KotobaNavigationController.swift */; };
		B6F3964724629E77009E0B7C /* CloudKit.framework in Frameworks */ = {isa = PBXBuildFile; fileRef = B6F3964624629E77009E0B7C /* CloudKit.framework */; };
		B6F3964824629E7A009E0B7C /* CloudKit.framework in Frameworks */ = {isa = PBXBuildFile; fileRef = B6F3964624629E77009E0B7C /* CloudKit.framework */; };
		B6F40BC02461771100CDB013 /* DictionaryViewController.swift in Sources */ = {isa = PBXBuildFile; fileRef = B6F40BBF2461771100CDB013 /* DictionaryViewController.swift */; };
		B6F40BC12461771100CDB013 /* DictionaryViewController.swift in Sources */ = {isa = PBXBuildFile; fileRef = B6F40BBF2461771100CDB013 /* DictionaryViewController.swift */; };
		B6F4594E2460E15100E2174D /* ShareViewController.swift in Sources */ = {isa = PBXBuildFile; fileRef = B6F4594D2460E15100E2174D /* ShareViewController.swift */; };
		B6F459512460E15100E2174D /* ShareExtension.storyboard in Resources */ = {isa = PBXBuildFile; fileRef = B6F4594F2460E15100E2174D /* ShareExtension.storyboard */; };
		B6F459552460E15100E2174D /* ShareExtension.appex in Embed App Extensions */ = {isa = PBXBuildFile; fileRef = B6F4594B2460E15100E2174D /* ShareExtension.appex */; settings = {ATTRIBUTES = (RemoveHeadersOnCopy, ); }; };
		B6F4595C24611D9200E2174D /* Debug.swift in Sources */ = {isa = PBXBuildFile; fileRef = 44CFA6AA2381F0CB00D7ECCC /* Debug.swift */; };
		B6F4595D24611E8300E2174D /* Word.swift in Sources */ = {isa = PBXBuildFile; fileRef = BE7599A01D04636E006FBB80 /* Word.swift */; };
		B6F4595E24611F0100E2174D /* Preferences.swift in Sources */ = {isa = PBXBuildFile; fileRef = BE776E561D09D60700D4A315 /* Preferences.swift */; };
		B6F5588F21F20E8D0053F800 /* Launch.storyboard in Resources */ = {isa = PBXBuildFile; fileRef = B6F5588E21F20E8D0053F800 /* Launch.storyboard */; };
		B6F73C4D2478FCC60003F394 /* BartyCrouch.swift in Sources */ = {isa = PBXBuildFile; fileRef = B6F73C4C2478FCC60003F394 /* BartyCrouch.swift */; };
		B6F73C4E2478FCC60003F394 /* BartyCrouch.swift in Sources */ = {isa = PBXBuildFile; fileRef = B6F73C4C2478FCC60003F394 /* BartyCrouch.swift */; };
		B6F73C532478FE1A0003F394 /* .bartycrouch.toml in Resources */ = {isa = PBXBuildFile; fileRef = B6F73C522478FE1A0003F394 /* .bartycrouch.toml */; };
		B6F73C542478FE1A0003F394 /* .bartycrouch.toml in Resources */ = {isa = PBXBuildFile; fileRef = B6F73C522478FE1A0003F394 /* .bartycrouch.toml */; };
		BE0CD1141D178D3700BB6E4A /* UIViewController+Dictionary.swift in Sources */ = {isa = PBXBuildFile; fileRef = BE0CD1131D178D3700BB6E4A /* UIViewController+Dictionary.swift */; };
		BE7599A11D04636E006FBB80 /* Word.swift in Sources */ = {isa = PBXBuildFile; fileRef = BE7599A01D04636E006FBB80 /* Word.swift */; };
		BE776E571D09D60700D4A315 /* Preferences.swift in Sources */ = {isa = PBXBuildFile; fileRef = BE776E561D09D60700D4A315 /* Preferences.swift */; };
		BE820C601D14717400CD6ABA /* AddWordViewController.swift in Sources */ = {isa = PBXBuildFile; fileRef = BE820C5F1D14717400CD6ABA /* AddWordViewController.swift */; };
		BE918C501A22A5F5006043CF /* AppDelegate.swift in Sources */ = {isa = PBXBuildFile; fileRef = BE918C4F1A22A5F5006043CF /* AppDelegate.swift */; };
		BE918C521A22A5F5006043CF /* WordListViewController.swift in Sources */ = {isa = PBXBuildFile; fileRef = BE918C511A22A5F5006043CF /* WordListViewController.swift */; };
		BE918C551A22A5F5006043CF /* Main.storyboard in Resources */ = {isa = PBXBuildFile; fileRef = BE918C531A22A5F5006043CF /* Main.storyboard */; };
		BE918C571A22A5F5006043CF /* Images.xcassets in Resources */ = {isa = PBXBuildFile; fileRef = BE918C561A22A5F5006043CF /* Images.xcassets */; };
		BEA413C81D1DC6B400D177C2 /* WordListTests.swift in Sources */ = {isa = PBXBuildFile; fileRef = BEA413C71D1DC6B400D177C2 /* WordListTests.swift */; };
		BEB2324F1D1DD3B800369560 /* KotobaUITests.swift in Sources */ = {isa = PBXBuildFile; fileRef = BEB2324E1D1DD3B800369560 /* KotobaUITests.swift */; };
/* End PBXBuildFile section */

/* Begin PBXContainerItemProxy section */
		B6F459532460E15100E2174D /* PBXContainerItemProxy */ = {
			isa = PBXContainerItemProxy;
			containerPortal = BE918C421A22A5F5006043CF /* Project object */;
			proxyType = 1;
			remoteGlobalIDString = B6F4594A2460E15100E2174D;
			remoteInfo = ShareExtension;
		};
		BEA413BC1D1CABB600D177C2 /* PBXContainerItemProxy */ = {
			isa = PBXContainerItemProxy;
			containerPortal = BE918C421A22A5F5006043CF /* Project object */;
			proxyType = 1;
			remoteGlobalIDString = BE918C491A22A5F5006043CF;
			remoteInfo = Kotoba;
		};
		BEB232511D1DD3B800369560 /* PBXContainerItemProxy */ = {
			isa = PBXContainerItemProxy;
			containerPortal = BE918C421A22A5F5006043CF /* Project object */;
			proxyType = 1;
			remoteGlobalIDString = BE918C491A22A5F5006043CF;
			remoteInfo = Kotoba;
		};
/* End PBXContainerItemProxy section */

/* Begin PBXCopyFilesBuildPhase section */
		B6F459562460E15100E2174D /* Embed App Extensions */ = {
			isa = PBXCopyFilesBuildPhase;
			buildActionMask = 2147483647;
			dstPath = "";
			dstSubfolderSpec = 13;
			files = (
				B6F459552460E15100E2174D /* ShareExtension.appex in Embed App Extensions */,
			);
			name = "Embed App Extensions";
			runOnlyForDeploymentPostprocessing = 0;
		};
/* End PBXCopyFilesBuildPhase section */

/* Begin PBXFileReference section */
		4440B41C236CF92100369CE8 /* Colors.xcassets */ = {isa = PBXFileReference; lastKnownFileType = folder.assetcatalog; path = Colors.xcassets; sourceTree = "<group>"; };
		44B821172391CF20004B8142 /* PasteboardWordList.swift */ = {isa = PBXFileReference; lastKnownFileType = sourcecode.swift; path = PasteboardWordList.swift; sourceTree = "<group>"; };
		44CFA6AA2381F0CB00D7ECCC /* Debug.swift */ = {isa = PBXFileReference; fileEncoding = 4; lastKnownFileType = sourcecode.swift; path = Debug.swift; sourceTree = "<group>"; };
		44D1095D23A83116007C477C /* en */ = {isa = PBXFileReference; lastKnownFileType = text.plist.strings; name = en; path = en.lproj/Main.strings; sourceTree = "<group>"; };
		44D1096523A84262007C477C /* en */ = {isa = PBXFileReference; lastKnownFileType = text.plist.strings; name = en; path = en.lproj/Localizable.strings; sourceTree = "<group>"; };
		44FD6CCF2389C90F00FF245E /* KotobaNavigationController.swift */ = {isa = PBXFileReference; lastKnownFileType = sourcecode.swift; path = KotobaNavigationController.swift; sourceTree = "<group>"; };
		44FD6CD42389CEC900FF245E /* Kotoba.entitlements */ = {isa = PBXFileReference; lastKnownFileType = text.plist.entitlements; path = Kotoba.entitlements; sourceTree = "<group>"; };
		691B8E1520DAB5A100B11216 /* NSDictionary+Workaround.swift */ = {isa = PBXFileReference; lastKnownFileType = sourcecode.swift; path = "NSDictionary+Workaround.swift"; sourceTree = "<group>"; };
		967E98DD562220BBE20A8C1F /* RoundedView.swift */ = {isa = PBXFileReference; fileEncoding = 4; lastKnownFileType = sourcecode.swift; path = RoundedView.swift; sourceTree = "<group>"; };
		967E990F894B4E27CE8337A4 /* WordListDataSource.swift */ = {isa = PBXFileReference; fileEncoding = 4; lastKnownFileType = sourcecode.swift; path = WordListDataSource.swift; sourceTree = "<group>"; };
		967E9C49B74C80223D273414 /* Chocktuba.swift */ = {isa = PBXFileReference; fileEncoding = 4; lastKnownFileType = sourcecode.swift; path = Chocktuba.swift; sourceTree = "<group>"; };
		967E9CB9914B758828733936 /* WordListStore.swift */ = {isa = PBXFileReference; fileEncoding = 4; lastKnownFileType = sourcecode.swift; path = WordListStore.swift; sourceTree = "<group>"; };
		967E9EDA541A0A73088A86DC /* WordListStrings.swift */ = {isa = PBXFileReference; fileEncoding = 4; lastKnownFileType = sourcecode.swift; path = WordListStrings.swift; sourceTree = "<group>"; };
		B62B309923B7F60900583D3D /* en */ = {isa = PBXFileReference; lastKnownFileType = text.plist.stringsdict; name = en; path = en.lproj/Localizable.stringsdict; sourceTree = "<group>"; };
		B62B309D23B7FA0B00583D3D /* chock */ = {isa = PBXFileReference; lastKnownFileType = text.plist.strings; name = chock; path = chock.lproj/Main.strings; sourceTree = "<group>"; };
		B62B309E23B7FA2B00583D3D /* chock */ = {isa = PBXFileReference; lastKnownFileType = text.plist.strings; name = chock; path = chock.lproj/Localizable.strings; sourceTree = "<group>"; };
		B62B309F23B7FA3100583D3D /* chock */ = {isa = PBXFileReference; lastKnownFileType = text.plist.stringsdict; name = chock; path = chock.lproj/Localizable.stringsdict; sourceTree = "<group>"; };
		B6A919592478F34D00B08C37 /* en */ = {isa = PBXFileReference; lastKnownFileType = text.plist.strings; name = en; path = en.lproj/ShareExtension.strings; sourceTree = "<group>"; };
		B6A9195B2478F34E00B08C37 /* chock */ = {isa = PBXFileReference; lastKnownFileType = text.plist.strings; name = chock; path = chock.lproj/ShareExtension.strings; sourceTree = "<group>"; };
		B6C1049D238ECF94008E9C97 /* SettingsViewController.swift */ = {isa = PBXFileReference; fileEncoding = 4; lastKnownFileType = sourcecode.swift; path = SettingsViewController.swift; sourceTree = "<group>"; };
		B6D7CC7623EA0EC8007F36DF /* KotobaAppStoreScreenshots.swift */ = {isa = PBXFileReference; lastKnownFileType = sourcecode.swift; path = KotobaAppStoreScreenshots.swift; sourceTree = "<group>"; };
		B6F3964624629E77009E0B7C /* CloudKit.framework */ = {isa = PBXFileReference; lastKnownFileType = wrapper.framework; name = CloudKit.framework; path = System/Library/Frameworks/CloudKit.framework; sourceTree = SDKROOT; };
		B6F40BBF2461771100CDB013 /* DictionaryViewController.swift */ = {isa = PBXFileReference; lastKnownFileType = sourcecode.swift; path = DictionaryViewController.swift; sourceTree = "<group>"; };
		B6F4594B2460E15100E2174D /* ShareExtension.appex */ = {isa = PBXFileReference; explicitFileType = "wrapper.app-extension"; includeInIndex = 0; path = ShareExtension.appex; sourceTree = BUILT_PRODUCTS_DIR; };
		B6F4594D2460E15100E2174D /* ShareViewController.swift */ = {isa = PBXFileReference; lastKnownFileType = sourcecode.swift; path = ShareViewController.swift; sourceTree = "<group>"; };
		B6F459502460E15100E2174D /* Base */ = {isa = PBXFileReference; lastKnownFileType = file.storyboard; name = Base; path = Base.lproj/ShareExtension.storyboard; sourceTree = "<group>"; };
		B6F459522460E15100E2174D /* Info.plist */ = {isa = PBXFileReference; lastKnownFileType = text.plist.xml; path = Info.plist; sourceTree = "<group>"; };
		B6F4595F2461265000E2174D /* ShareExtension.entitlements */ = {isa = PBXFileReference; lastKnownFileType = text.plist.entitlements; path = ShareExtension.entitlements; sourceTree = "<group>"; };
		B6F5588E21F20E8D0053F800 /* Launch.storyboard */ = {isa = PBXFileReference; lastKnownFileType = file.storyboard; path = Launch.storyboard; sourceTree = "<group>"; };
		B6F73C4C2478FCC60003F394 /* BartyCrouch.swift */ = {isa = PBXFileReference; lastKnownFileType = sourcecode.swift; path = BartyCrouch.swift; sourceTree = "<group>"; };
		B6F73C522478FE1A0003F394 /* .bartycrouch.toml */ = {isa = PBXFileReference; lastKnownFileType = text; path = .bartycrouch.toml; sourceTree = SOURCE_ROOT; };
		BE0CD1131D178D3700BB6E4A /* UIViewController+Dictionary.swift */ = {isa = PBXFileReference; fileEncoding = 4; lastKnownFileType = sourcecode.swift; path = "UIViewController+Dictionary.swift"; sourceTree = "<group>"; };
		BE7599A01D04636E006FBB80 /* Word.swift */ = {isa = PBXFileReference; fileEncoding = 4; lastKnownFileType = sourcecode.swift; path = Word.swift; sourceTree = "<group>"; };
		BE776E561D09D60700D4A315 /* Preferences.swift */ = {isa = PBXFileReference; fileEncoding = 4; lastKnownFileType = sourcecode.swift; path = Preferences.swift; sourceTree = "<group>"; };
		BE820C5F1D14717400CD6ABA /* AddWordViewController.swift */ = {isa = PBXFileReference; fileEncoding = 4; lastKnownFileType = sourcecode.swift; path = AddWordViewController.swift; sourceTree = "<group>"; };
		BE918C4A1A22A5F5006043CF /* Kotoba.app */ = {isa = PBXFileReference; explicitFileType = wrapper.application; includeInIndex = 0; path = Kotoba.app; sourceTree = BUILT_PRODUCTS_DIR; };
		BE918C4E1A22A5F5006043CF /* Info.plist */ = {isa = PBXFileReference; lastKnownFileType = text.plist.xml; path = Info.plist; sourceTree = "<group>"; };
		BE918C4F1A22A5F5006043CF /* AppDelegate.swift */ = {isa = PBXFileReference; lastKnownFileType = sourcecode.swift; path = AppDelegate.swift; sourceTree = "<group>"; };
		BE918C511A22A5F5006043CF /* WordListViewController.swift */ = {isa = PBXFileReference; lastKnownFileType = sourcecode.swift; path = WordListViewController.swift; sourceTree = "<group>"; };
		BE918C541A22A5F5006043CF /* Base */ = {isa = PBXFileReference; lastKnownFileType = file.storyboard; name = Base; path = Base.lproj/Main.storyboard; sourceTree = "<group>"; };
		BE918C561A22A5F5006043CF /* Images.xcassets */ = {isa = PBXFileReference; lastKnownFileType = folder.assetcatalog; path = Images.xcassets; sourceTree = "<group>"; };
		BEA413B71D1CABB600D177C2 /* KotobaTests.xctest */ = {isa = PBXFileReference; explicitFileType = wrapper.cfbundle; includeInIndex = 0; path = KotobaTests.xctest; sourceTree = BUILT_PRODUCTS_DIR; };
		BEA413BB1D1CABB600D177C2 /* Info.plist */ = {isa = PBXFileReference; lastKnownFileType = text.plist.xml; path = Info.plist; sourceTree = "<group>"; };
		BEA413C71D1DC6B400D177C2 /* WordListTests.swift */ = {isa = PBXFileReference; fileEncoding = 4; lastKnownFileType = sourcecode.swift; path = WordListTests.swift; sourceTree = "<group>"; };
		BEB2324C1D1DD3B800369560 /* KotobaUITests.xctest */ = {isa = PBXFileReference; explicitFileType = wrapper.cfbundle; includeInIndex = 0; path = KotobaUITests.xctest; sourceTree = BUILT_PRODUCTS_DIR; };
		BEB2324E1D1DD3B800369560 /* KotobaUITests.swift */ = {isa = PBXFileReference; lastKnownFileType = sourcecode.swift; path = KotobaUITests.swift; sourceTree = "<group>"; };
		BEB232501D1DD3B800369560 /* Info.plist */ = {isa = PBXFileReference; lastKnownFileType = text.plist.xml; path = Info.plist; sourceTree = "<group>"; };
/* End PBXFileReference section */

/* Begin PBXFrameworksBuildPhase section */
		B6F459482460E15100E2174D /* Frameworks */ = {
			isa = PBXFrameworksBuildPhase;
			buildActionMask = 2147483647;
			files = (
				B6F3964724629E77009E0B7C /* CloudKit.framework in Frameworks */,
			);
			runOnlyForDeploymentPostprocessing = 0;
		};
		BE918C471A22A5F5006043CF /* Frameworks */ = {
			isa = PBXFrameworksBuildPhase;
			buildActionMask = 2147483647;
			files = (
				B6F3964824629E7A009E0B7C /* CloudKit.framework in Frameworks */,
			);
			runOnlyForDeploymentPostprocessing = 0;
		};
		BEA413B41D1CABB600D177C2 /* Frameworks */ = {
			isa = PBXFrameworksBuildPhase;
			buildActionMask = 2147483647;
			files = (
			);
			runOnlyForDeploymentPostprocessing = 0;
		};
		BEB232491D1DD3B800369560 /* Frameworks */ = {
			isa = PBXFrameworksBuildPhase;
			buildActionMask = 2147483647;
			files = (
			);
			runOnlyForDeploymentPostprocessing = 0;
		};
/* End PBXFrameworksBuildPhase section */

/* Begin PBXGroup section */
		B6F3964524629E77009E0B7C /* Frameworks */ = {
			isa = PBXGroup;
			children = (
				B6F3964624629E77009E0B7C /* CloudKit.framework */,
			);
			name = Frameworks;
			sourceTree = "<group>";
		};
		B6F4594C2460E15100E2174D /* ShareExtension */ = {
			isa = PBXGroup;
			children = (
				B6F4595F2461265000E2174D /* ShareExtension.entitlements */,
				B6F4594D2460E15100E2174D /* ShareViewController.swift */,
				B6F4594F2460E15100E2174D /* ShareExtension.storyboard */,
				B6F459522460E15100E2174D /* Info.plist */,
			);
			path = ShareExtension;
			sourceTree = "<group>";
		};
		BE918C411A22A5F5006043CF = {
			isa = PBXGroup;
			children = (
				BE918C4C1A22A5F5006043CF /* Kotoba */,
				BEA413B81D1CABB600D177C2 /* KotobaTests */,
				BEB2324D1D1DD3B800369560 /* KotobaUITests */,
				B6F4594C2460E15100E2174D /* ShareExtension */,
				BE918C4B1A22A5F5006043CF /* Products */,
				B6F3964524629E77009E0B7C /* Frameworks */,
			);
			sourceTree = "<group>";
		};
		BE918C4B1A22A5F5006043CF /* Products */ = {
			isa = PBXGroup;
			children = (
				BE918C4A1A22A5F5006043CF /* Kotoba.app */,
				BEA413B71D1CABB600D177C2 /* KotobaTests.xctest */,
				BEB2324C1D1DD3B800369560 /* KotobaUITests.xctest */,
				B6F4594B2460E15100E2174D /* ShareExtension.appex */,
			);
			name = Products;
			sourceTree = "<group>";
		};
		BE918C4C1A22A5F5006043CF /* Kotoba */ = {
			isa = PBXGroup;
			children = (
				BE820C5F1D14717400CD6ABA /* AddWordViewController.swift */,
				BE918C4F1A22A5F5006043CF /* AppDelegate.swift */,
				967E9C49B74C80223D273414 /* Chocktuba.swift */,
				4440B41C236CF92100369CE8 /* Colors.xcassets */,
				44CFA6AA2381F0CB00D7ECCC /* Debug.swift */,
				B6F40BBF2461771100CDB013 /* DictionaryViewController.swift */,
				BE918C561A22A5F5006043CF /* Images.xcassets */,
				44FD6CD42389CEC900FF245E /* Kotoba.entitlements */,
				44FD6CCF2389C90F00FF245E /* KotobaNavigationController.swift */,
				B6F5588E21F20E8D0053F800 /* Launch.storyboard */,
				44D1096423A84262007C477C /* Localizable.strings */,
				B62B309A23B7F60900583D3D /* Localizable.stringsdict */,
				BE918C531A22A5F5006043CF /* Main.storyboard */,
				691B8E1520DAB5A100B11216 /* NSDictionary+Workaround.swift */,
				44B821172391CF20004B8142 /* PasteboardWordList.swift */,
				BE776E561D09D60700D4A315 /* Preferences.swift */,
				967E98DD562220BBE20A8C1F /* RoundedView.swift */,
				B6C1049D238ECF94008E9C97 /* SettingsViewController.swift */,
				BE918C4D1A22A5F5006043CF /* Supporting Files */,
				BE0CD1131D178D3700BB6E4A /* UIViewController+Dictionary.swift */,
				BE7599A01D04636E006FBB80 /* Word.swift */,
				967E990F894B4E27CE8337A4 /* WordListDataSource.swift */,
				967E9CB9914B758828733936 /* WordListStore.swift */,
				967E9EDA541A0A73088A86DC /* WordListStrings.swift */,
				BE918C511A22A5F5006043CF /* WordListViewController.swift */,
			);
			path = Kotoba;
			sourceTree = "<group>";
		};
		BE918C4D1A22A5F5006043CF /* Supporting Files */ = {
			isa = PBXGroup;
			children = (
				B6F73C522478FE1A0003F394 /* .bartycrouch.toml */,
				BE918C4E1A22A5F5006043CF /* Info.plist */,
				B6F73C4C2478FCC60003F394 /* BartyCrouch.swift */,
			);
			name = "Supporting Files";
			sourceTree = "<group>";
		};
		BEA413B81D1CABB600D177C2 /* KotobaTests */ = {
			isa = PBXGroup;
			children = (
				BEA413BB1D1CABB600D177C2 /* Info.plist */,
				BEA413C71D1DC6B400D177C2 /* WordListTests.swift */,
			);
			path = KotobaTests;
			sourceTree = "<group>";
		};
		BEB2324D1D1DD3B800369560 /* KotobaUITests */ = {
			isa = PBXGroup;
			children = (
				BEB2324E1D1DD3B800369560 /* KotobaUITests.swift */,
				B6D7CC7623EA0EC8007F36DF /* KotobaAppStoreScreenshots.swift */,
				BEB232501D1DD3B800369560 /* Info.plist */,
			);
			path = KotobaUITests;
			sourceTree = "<group>";
		};
/* End PBXGroup section */

/* Begin PBXNativeTarget section */
		B6F4594A2460E15100E2174D /* ShareExtension */ = {
			isa = PBXNativeTarget;
			buildConfigurationList = B6F459592460E15100E2174D /* Build configuration list for PBXNativeTarget "ShareExtension" */;
			buildPhases = (
				B68C1AD725134F57000019CD /* ShellScript */,
				B6F459472460E15100E2174D /* Sources */,
				B6F459482460E15100E2174D /* Frameworks */,
				B6F459492460E15100E2174D /* Resources */,
			);
			buildRules = (
			);
			dependencies = (
			);
			name = ShareExtension;
			productName = ShareExtension;
			productReference = B6F4594B2460E15100E2174D /* ShareExtension.appex */;
			productType = "com.apple.product-type.app-extension";
		};
		BE918C491A22A5F5006043CF /* Kotoba */ = {
			isa = PBXNativeTarget;
			buildConfigurationList = BE918C691A22A5F5006043CF /* Build configuration list for PBXNativeTarget "Kotoba" */;
			buildPhases = (
				B680288724965C8600FD5780 /* ShellScript */,
				B6A919572478F32800B08C37 /* ShellScript */,
				BE918C461A22A5F5006043CF /* Sources */,
				BE918C471A22A5F5006043CF /* Frameworks */,
				BE918C481A22A5F5006043CF /* Resources */,
				B6F459562460E15100E2174D /* Embed App Extensions */,
			);
			buildRules = (
			);
			dependencies = (
				B6F459542460E15100E2174D /* PBXTargetDependency */,
			);
			name = Kotoba;
			productName = Dictionary;
			productReference = BE918C4A1A22A5F5006043CF /* Kotoba.app */;
			productType = "com.apple.product-type.application";
		};
		BEA413B61D1CABB600D177C2 /* KotobaTests */ = {
			isa = PBXNativeTarget;
			buildConfigurationList = BEA413C01D1CABB600D177C2 /* Build configuration list for PBXNativeTarget "KotobaTests" */;
			buildPhases = (
				BEA413B31D1CABB600D177C2 /* Sources */,
				BEA413B41D1CABB600D177C2 /* Frameworks */,
				BEA413B51D1CABB600D177C2 /* Resources */,
			);
			buildRules = (
			);
			dependencies = (
				BEA413BD1D1CABB600D177C2 /* PBXTargetDependency */,
			);
			name = KotobaTests;
			productName = KotobaTests;
			productReference = BEA413B71D1CABB600D177C2 /* KotobaTests.xctest */;
			productType = "com.apple.product-type.bundle.unit-test";
		};
		BEB2324B1D1DD3B800369560 /* KotobaUITests */ = {
			isa = PBXNativeTarget;
			buildConfigurationList = BEB232551D1DD3B800369560 /* Build configuration list for PBXNativeTarget "KotobaUITests" */;
			buildPhases = (
				BEB232481D1DD3B800369560 /* Sources */,
				BEB232491D1DD3B800369560 /* Frameworks */,
				BEB2324A1D1DD3B800369560 /* Resources */,
			);
			buildRules = (
			);
			dependencies = (
				BEB232521D1DD3B800369560 /* PBXTargetDependency */,
			);
			name = KotobaUITests;
			productName = KotobaUITests;
			productReference = BEB2324C1D1DD3B800369560 /* KotobaUITests.xctest */;
			productType = "com.apple.product-type.bundle.ui-testing";
		};
/* End PBXNativeTarget section */

/* Begin PBXProject section */
		BE918C421A22A5F5006043CF /* Project object */ = {
			isa = PBXProject;
			attributes = {
				LastSwiftMigration = 0730;
				LastSwiftUpdateCheck = 1140;
				LastUpgradeCheck = 1200;
				ORGANIZATIONNAME = "Will Hains";
				TargetAttributes = {
					B6F4594A2460E15100E2174D = {
						CreatedOnToolsVersion = 11.4.1;
						DevelopmentTeam = 8B38X92RJ6;
						ProvisioningStyle = Automatic;
					};
					BE918C491A22A5F5006043CF = {
						CreatedOnToolsVersion = 6.2;
						DevelopmentTeam = 8B38X92RJ6;
						LastSwiftMigration = 1120;
					};
					BEA413B61D1CABB600D177C2 = {
						CreatedOnToolsVersion = 7.3;
						DevelopmentTeam = 8B38X92RJ6;
						LastSwiftMigration = 1120;
						TestTargetID = BE918C491A22A5F5006043CF;
					};
					BEB2324B1D1DD3B800369560 = {
						CreatedOnToolsVersion = 7.3;
						DevelopmentTeam = 8B38X92RJ6;
						LastSwiftMigration = 1120;
						TestTargetID = BE918C491A22A5F5006043CF;
					};
				};
			};
			buildConfigurationList = BE918C451A22A5F5006043CF /* Build configuration list for PBXProject "Kotoba" */;
			compatibilityVersion = "Xcode 3.2";
			developmentRegion = en;
			hasScannedForEncodings = 0;
			knownRegions = (
				en,
				Base,
				chock,
			);
			mainGroup = BE918C411A22A5F5006043CF;
			productRefGroup = BE918C4B1A22A5F5006043CF /* Products */;
			projectDirPath = "";
			projectRoot = "";
			targets = (
				BE918C491A22A5F5006043CF /* Kotoba */,
				BEA413B61D1CABB600D177C2 /* KotobaTests */,
				BEB2324B1D1DD3B800369560 /* KotobaUITests */,
				B6F4594A2460E15100E2174D /* ShareExtension */,
			);
		};
/* End PBXProject section */

/* Begin PBXResourcesBuildPhase section */
		B6F459492460E15100E2174D /* Resources */ = {
			isa = PBXResourcesBuildPhase;
			buildActionMask = 2147483647;
			files = (
				4475E234286F8A2200E2B0B3 /* Colors.xcassets in Resources */,
				B6F459512460E15100E2174D /* ShareExtension.storyboard in Resources */,
				B6F73C542478FE1A0003F394 /* .bartycrouch.toml in Resources */,
			);
			runOnlyForDeploymentPostprocessing = 0;
		};
		BE918C481A22A5F5006043CF /* Resources */ = {
			isa = PBXResourcesBuildPhase;
			buildActionMask = 2147483647;
			files = (
				44D1096623A84262007C477C /* Localizable.strings in Resources */,
				BE918C551A22A5F5006043CF /* Main.storyboard in Resources */,
				4440B41D236CF92100369CE8 /* Colors.xcassets in Resources */,
				BE918C571A22A5F5006043CF /* Images.xcassets in Resources */,
				B6F5588F21F20E8D0053F800 /* Launch.storyboard in Resources */,
				B62B309823B7F60900583D3D /* Localizable.stringsdict in Resources */,
				B6F73C532478FE1A0003F394 /* .bartycrouch.toml in Resources */,
			);
			runOnlyForDeploymentPostprocessing = 0;
		};
		BEA413B51D1CABB600D177C2 /* Resources */ = {
			isa = PBXResourcesBuildPhase;
			buildActionMask = 2147483647;
			files = (
			);
			runOnlyForDeploymentPostprocessing = 0;
		};
		BEB2324A1D1DD3B800369560 /* Resources */ = {
			isa = PBXResourcesBuildPhase;
			buildActionMask = 2147483647;
			files = (
			);
			runOnlyForDeploymentPostprocessing = 0;
		};
/* End PBXResourcesBuildPhase section */

/* Begin PBXShellScriptBuildPhase section */
		B680288724965C8600FD5780 /* ShellScript */ = {
			isa = PBXShellScriptBuildPhase;
			buildActionMask = 2147483647;
			files = (
			);
			inputFileListPaths = (
			);
			inputPaths = (
			);
			outputFileListPaths = (
			);
			outputPaths = (
			);
			runOnlyForDeploymentPostprocessing = 0;
			shellPath = /bin/bash;
			shellScript = "#!/bin/bash\nbuildNumber=$(git show -s --format=format:%at HEAD)\necho \"Build number = \" $buildNumber\n/usr/libexec/PlistBuddy -c \"Set :CFBundleVersion $buildNumber\" \"$INFOPLIST_FILE\"\n";
		};
		B68C1AD725134F57000019CD /* ShellScript */ = {
			isa = PBXShellScriptBuildPhase;
			buildActionMask = 2147483647;
			files = (
			);
			inputFileListPaths = (
			);
			inputPaths = (
			);
			outputFileListPaths = (
			);
			outputPaths = (
			);
			runOnlyForDeploymentPostprocessing = 0;
			shellPath = /bin/bash;
			shellScript = "#!/bin/bash\nbuildNumber=$(git show -s --format=format:%at HEAD)\necho \"Build number = \" $buildNumber\n/usr/libexec/PlistBuddy -c \"Set :CFBundleVersion $buildNumber\" \"$INFOPLIST_FILE\"\n";
		};
		B6A919572478F32800B08C37 /* ShellScript */ = {
			isa = PBXShellScriptBuildPhase;
			buildActionMask = 2147483647;
			files = (
			);
			inputFileListPaths = (
			);
			inputPaths = (
			);
			outputFileListPaths = (
			);
			outputPaths = (
			);
			runOnlyForDeploymentPostprocessing = 0;
			shellPath = /bin/sh;
			shellScript = "if which bartycrouch > /dev/null; then\n    bartycrouch update -x\n    bartycrouch lint -x\nelse\n    echo \"warning: BartyCrouch not installed, download it from https://github.com/Flinesoft/BartyCrouch\"\nfi\n";
		};
/* End PBXShellScriptBuildPhase section */

/* Begin PBXSourcesBuildPhase section */
		B6F459472460E15100E2174D /* Sources */ = {
			isa = PBXSourcesBuildPhase;
			buildActionMask = 2147483647;
			files = (
				B6F3964324624C93009E0B7C /* PasteboardWordList.swift in Sources */,
				B6F40BC12461771100CDB013 /* DictionaryViewController.swift in Sources */,
				B6D9A56324A1D71D001D665D /* WordListStrings.swift in Sources */,
				B6F73C4E2478FCC60003F394 /* BartyCrouch.swift in Sources */,
				B6F4594E2460E15100E2174D /* ShareViewController.swift in Sources */,
				B6F4595C24611D9200E2174D /* Debug.swift in Sources */,
				B6F4595E24611F0100E2174D /* Preferences.swift in Sources */,
				B6F39644246281CE009E0B7C /* KotobaNavigationController.swift in Sources */,
				B6232DEF24A7881700B0CC38 /* RoundedView.swift in Sources */,
				B6F4595D24611E8300E2174D /* Word.swift in Sources */,
				967E9945AE60D607F51330FF /* WordListStore.swift in Sources */,
				967E9E3969BCBD8408ADCB69 /* WordListDataSource.swift in Sources */,
				967E99DE08067E1B31567C98 /* AppDelegate.swift in Sources */,
			);
			runOnlyForDeploymentPostprocessing = 0;
		};
		BE918C461A22A5F5006043CF /* Sources */ = {
			isa = PBXSourcesBuildPhase;
			buildActionMask = 2147483647;
			files = (
				691B8E1620DAB5A100B11216 /* NSDictionary+Workaround.swift in Sources */,
				BE7599A11D04636E006FBB80 /* Word.swift in Sources */,
				44B821182391CF20004B8142 /* PasteboardWordList.swift in Sources */,
				BE918C521A22A5F5006043CF /* WordListViewController.swift in Sources */,
				B6F73C4D2478FCC60003F394 /* BartyCrouch.swift in Sources */,
				B6C1049E238ECF94008E9C97 /* SettingsViewController.swift in Sources */,
				BE820C601D14717400CD6ABA /* AddWordViewController.swift in Sources */,
				B6F40BC02461771100CDB013 /* DictionaryViewController.swift in Sources */,
				BE776E571D09D60700D4A315 /* Preferences.swift in Sources */,
				44CFA6AB2381F0CB00D7ECCC /* Debug.swift in Sources */,
				BE0CD1141D178D3700BB6E4A /* UIViewController+Dictionary.swift in Sources */,
				44FD6CD02389C90F00FF245E /* KotobaNavigationController.swift in Sources */,
				BE918C501A22A5F5006043CF /* AppDelegate.swift in Sources */,
				967E935466EF962AA5045D91 /* Chocktuba.swift in Sources */,
				967E90DCF68DDDBB112F5B00 /* RoundedView.swift in Sources */,
				967E92498C737FA472ECB06D /* WordListStore.swift in Sources */,
				967E998BC07D453DE26EEE83 /* WordListDataSource.swift in Sources */,
				967E91E5CB3D704778878BA8 /* WordListStrings.swift in Sources */,
			);
			runOnlyForDeploymentPostprocessing = 0;
		};
		BEA413B31D1CABB600D177C2 /* Sources */ = {
			isa = PBXSourcesBuildPhase;
			buildActionMask = 2147483647;
			files = (
				BEA413C81D1DC6B400D177C2 /* WordListTests.swift in Sources */,
				B65A4E02238435ED000C9A4F /* Debug.swift in Sources */,
			);
			runOnlyForDeploymentPostprocessing = 0;
		};
		BEB232481D1DD3B800369560 /* Sources */ = {
			isa = PBXSourcesBuildPhase;
			buildActionMask = 2147483647;
			files = (
				BEB2324F1D1DD3B800369560 /* KotobaUITests.swift in Sources */,
				B65A4E03238435ED000C9A4F /* Debug.swift in Sources */,
				B6D7CC7723EA0EC8007F36DF /* KotobaAppStoreScreenshots.swift in Sources */,
			);
			runOnlyForDeploymentPostprocessing = 0;
		};
/* End PBXSourcesBuildPhase section */

/* Begin PBXTargetDependency section */
		B6F459542460E15100E2174D /* PBXTargetDependency */ = {
			isa = PBXTargetDependency;
			target = B6F4594A2460E15100E2174D /* ShareExtension */;
			targetProxy = B6F459532460E15100E2174D /* PBXContainerItemProxy */;
		};
		BEA413BD1D1CABB600D177C2 /* PBXTargetDependency */ = {
			isa = PBXTargetDependency;
			target = BE918C491A22A5F5006043CF /* Kotoba */;
			targetProxy = BEA413BC1D1CABB600D177C2 /* PBXContainerItemProxy */;
		};
		BEB232521D1DD3B800369560 /* PBXTargetDependency */ = {
			isa = PBXTargetDependency;
			target = BE918C491A22A5F5006043CF /* Kotoba */;
			targetProxy = BEB232511D1DD3B800369560 /* PBXContainerItemProxy */;
		};
/* End PBXTargetDependency section */

/* Begin PBXVariantGroup section */
		44D1096423A84262007C477C /* Localizable.strings */ = {
			isa = PBXVariantGroup;
			children = (
				44D1096523A84262007C477C /* en */,
				B62B309E23B7FA2B00583D3D /* chock */,
			);
			name = Localizable.strings;
			sourceTree = "<group>";
		};
		B62B309A23B7F60900583D3D /* Localizable.stringsdict */ = {
			isa = PBXVariantGroup;
			children = (
				B62B309923B7F60900583D3D /* en */,
				B62B309F23B7FA3100583D3D /* chock */,
			);
			name = Localizable.stringsdict;
			sourceTree = "<group>";
		};
		B6F4594F2460E15100E2174D /* ShareExtension.storyboard */ = {
			isa = PBXVariantGroup;
			children = (
				B6F459502460E15100E2174D /* Base */,
				B6A919592478F34D00B08C37 /* en */,
				B6A9195B2478F34E00B08C37 /* chock */,
			);
			name = ShareExtension.storyboard;
			sourceTree = "<group>";
		};
		BE918C531A22A5F5006043CF /* Main.storyboard */ = {
			isa = PBXVariantGroup;
			children = (
				BE918C541A22A5F5006043CF /* Base */,
				44D1095D23A83116007C477C /* en */,
				B62B309D23B7FA0B00583D3D /* chock */,
			);
			name = Main.storyboard;
			sourceTree = "<group>";
		};
/* End PBXVariantGroup section */

/* Begin XCBuildConfiguration section */
		B6F459572460E15100E2174D /* Debug */ = {
			isa = XCBuildConfiguration;
			buildSettings = {
				CLANG_ANALYZER_NONNULL = YES;
				CLANG_ANALYZER_NUMBER_OBJECT_CONVERSION = YES_AGGRESSIVE;
				CLANG_CXX_LANGUAGE_STANDARD = "gnu++14";
				CLANG_ENABLE_OBJC_WEAK = YES;
				CLANG_WARN_DOCUMENTATION_COMMENTS = YES;
				CLANG_WARN_UNGUARDED_AVAILABILITY = YES_AGGRESSIVE;
				CODE_SIGN_ENTITLEMENTS = ShareExtension/ShareExtension.entitlements;
				CODE_SIGN_STYLE = Automatic;
				DEBUG_INFORMATION_FORMAT = dwarf;
				DEVELOPMENT_TEAM = 8B38X92RJ6;
				GCC_C_LANGUAGE_STANDARD = gnu11;
				INFOPLIST_FILE = ShareExtension/Info.plist;
				IPHONEOS_DEPLOYMENT_TARGET = 13.0;
				LD_RUNPATH_SEARCH_PATHS = "$(inherited) @executable_path/Frameworks @executable_path/../../Frameworks";
				MTL_ENABLE_DEBUG_INFO = INCLUDE_SOURCE;
				MTL_FAST_MATH = YES;
				PRODUCT_BUNDLE_IDENTIFIER = com.willhains.Kotoba.ShareExtension;
				PRODUCT_NAME = "$(TARGET_NAME)";
				SKIP_INSTALL = YES;
				SUPPORTS_MACCATALYST = NO;
				SWIFT_ACTIVE_COMPILATION_CONDITIONS = DEBUG;
				SWIFT_VERSION = 5.0;
				TARGETED_DEVICE_FAMILY = "1,2";
			};
			name = Debug;
		};
		B6F459582460E15100E2174D /* Release */ = {
			isa = XCBuildConfiguration;
			buildSettings = {
				CLANG_ANALYZER_NONNULL = YES;
				CLANG_ANALYZER_NUMBER_OBJECT_CONVERSION = YES_AGGRESSIVE;
				CLANG_CXX_LANGUAGE_STANDARD = "gnu++14";
				CLANG_ENABLE_OBJC_WEAK = YES;
				CLANG_WARN_DOCUMENTATION_COMMENTS = YES;
				CLANG_WARN_UNGUARDED_AVAILABILITY = YES_AGGRESSIVE;
				CODE_SIGN_ENTITLEMENTS = ShareExtension/ShareExtension.entitlements;
				CODE_SIGN_STYLE = Automatic;
				COPY_PHASE_STRIP = NO;
				DEBUG_INFORMATION_FORMAT = "dwarf-with-dsym";
				DEVELOPMENT_TEAM = 8B38X92RJ6;
				GCC_C_LANGUAGE_STANDARD = gnu11;
				INFOPLIST_FILE = ShareExtension/Info.plist;
				IPHONEOS_DEPLOYMENT_TARGET = 13.0;
				LD_RUNPATH_SEARCH_PATHS = "$(inherited) @executable_path/Frameworks @executable_path/../../Frameworks";
				MTL_FAST_MATH = YES;
				PRODUCT_BUNDLE_IDENTIFIER = com.willhains.Kotoba.ShareExtension;
				PRODUCT_NAME = "$(TARGET_NAME)";
				SKIP_INSTALL = YES;
				SUPPORTS_MACCATALYST = NO;
				SWIFT_OPTIMIZATION_LEVEL = "-Owholemodule";
				SWIFT_VERSION = 5.0;
				TARGETED_DEVICE_FAMILY = "1,2";
			};
			name = Release;
		};
		BE918C671A22A5F5006043CF /* Debug */ = {
			isa = XCBuildConfiguration;
			buildSettings = {
				ALWAYS_SEARCH_USER_PATHS = NO;
				CLANG_ANALYZER_LOCALIZABILITY_NONLOCALIZED = YES;
				CLANG_CXX_LANGUAGE_STANDARD = "gnu++0x";
				CLANG_CXX_LIBRARY = "libc++";
				CLANG_ENABLE_MODULES = YES;
				CLANG_ENABLE_OBJC_ARC = YES;
				CLANG_WARN_BLOCK_CAPTURE_AUTORELEASING = YES;
				CLANG_WARN_BOOL_CONVERSION = YES;
				CLANG_WARN_COMMA = YES;
				CLANG_WARN_CONSTANT_CONVERSION = YES;
				CLANG_WARN_DEPRECATED_OBJC_IMPLEMENTATIONS = YES;
				CLANG_WARN_DIRECT_OBJC_ISA_USAGE = YES_ERROR;
				CLANG_WARN_EMPTY_BODY = YES;
				CLANG_WARN_ENUM_CONVERSION = YES;
				CLANG_WARN_INFINITE_RECURSION = YES;
				CLANG_WARN_INT_CONVERSION = YES;
				CLANG_WARN_NON_LITERAL_NULL_CONVERSION = YES;
				CLANG_WARN_OBJC_IMPLICIT_RETAIN_SELF = YES;
				CLANG_WARN_OBJC_LITERAL_CONVERSION = YES;
				CLANG_WARN_OBJC_ROOT_CLASS = YES_ERROR;
				CLANG_WARN_QUOTED_INCLUDE_IN_FRAMEWORK_HEADER = YES;
				CLANG_WARN_RANGE_LOOP_ANALYSIS = YES;
				CLANG_WARN_STRICT_PROTOTYPES = YES;
				CLANG_WARN_SUSPICIOUS_MOVE = YES;
				CLANG_WARN_UNREACHABLE_CODE = YES;
				CLANG_WARN__DUPLICATE_METHOD_MATCH = YES;
				CODE_SIGN_IDENTITY = "Apple Development";
				"CODE_SIGN_IDENTITY[sdk=iphoneos*]" = "iPhone Developer";
				COPY_PHASE_STRIP = NO;
				ENABLE_STRICT_OBJC_MSGSEND = YES;
				ENABLE_TESTABILITY = YES;
				GCC_C_LANGUAGE_STANDARD = gnu99;
				GCC_DYNAMIC_NO_PIC = NO;
				GCC_NO_COMMON_BLOCKS = YES;
				GCC_OPTIMIZATION_LEVEL = 0;
				GCC_PREPROCESSOR_DEFINITIONS = (
					"DEBUG=1",
					"$(inherited)",
				);
				GCC_SYMBOLS_PRIVATE_EXTERN = NO;
				GCC_WARN_64_TO_32_BIT_CONVERSION = YES;
				GCC_WARN_ABOUT_RETURN_TYPE = YES_ERROR;
				GCC_WARN_UNDECLARED_SELECTOR = YES;
				GCC_WARN_UNINITIALIZED_AUTOS = YES_AGGRESSIVE;
				GCC_WARN_UNUSED_FUNCTION = YES;
				GCC_WARN_UNUSED_VARIABLE = YES;
				MTL_ENABLE_DEBUG_INFO = YES;
				ONLY_ACTIVE_ARCH = YES;
				SDKROOT = iphoneos;
				SWIFT_OPTIMIZATION_LEVEL = "-Onone";
				TARGETED_DEVICE_FAMILY = "1,2";
			};
			name = Debug;
		};
		BE918C681A22A5F5006043CF /* Release */ = {
			isa = XCBuildConfiguration;
			buildSettings = {
				ALWAYS_SEARCH_USER_PATHS = NO;
				CLANG_ANALYZER_LOCALIZABILITY_NONLOCALIZED = YES;
				CLANG_CXX_LANGUAGE_STANDARD = "gnu++0x";
				CLANG_CXX_LIBRARY = "libc++";
				CLANG_ENABLE_MODULES = YES;
				CLANG_ENABLE_OBJC_ARC = YES;
				CLANG_WARN_BLOCK_CAPTURE_AUTORELEASING = YES;
				CLANG_WARN_BOOL_CONVERSION = YES;
				CLANG_WARN_COMMA = YES;
				CLANG_WARN_CONSTANT_CONVERSION = YES;
				CLANG_WARN_DEPRECATED_OBJC_IMPLEMENTATIONS = YES;
				CLANG_WARN_DIRECT_OBJC_ISA_USAGE = YES_ERROR;
				CLANG_WARN_EMPTY_BODY = YES;
				CLANG_WARN_ENUM_CONVERSION = YES;
				CLANG_WARN_INFINITE_RECURSION = YES;
				CLANG_WARN_INT_CONVERSION = YES;
				CLANG_WARN_NON_LITERAL_NULL_CONVERSION = YES;
				CLANG_WARN_OBJC_IMPLICIT_RETAIN_SELF = YES;
				CLANG_WARN_OBJC_LITERAL_CONVERSION = YES;
				CLANG_WARN_OBJC_ROOT_CLASS = YES_ERROR;
				CLANG_WARN_QUOTED_INCLUDE_IN_FRAMEWORK_HEADER = YES;
				CLANG_WARN_RANGE_LOOP_ANALYSIS = YES;
				CLANG_WARN_STRICT_PROTOTYPES = YES;
				CLANG_WARN_SUSPICIOUS_MOVE = YES;
				CLANG_WARN_UNREACHABLE_CODE = YES;
				CLANG_WARN__DUPLICATE_METHOD_MATCH = YES;
				CODE_SIGN_IDENTITY = "Apple Development";
				"CODE_SIGN_IDENTITY[sdk=iphoneos*]" = "iPhone Developer";
				COPY_PHASE_STRIP = YES;
				ENABLE_NS_ASSERTIONS = NO;
				ENABLE_STRICT_OBJC_MSGSEND = YES;
				GCC_C_LANGUAGE_STANDARD = gnu99;
				GCC_NO_COMMON_BLOCKS = YES;
				GCC_WARN_64_TO_32_BIT_CONVERSION = YES;
				GCC_WARN_ABOUT_RETURN_TYPE = YES_ERROR;
				GCC_WARN_UNDECLARED_SELECTOR = YES;
				GCC_WARN_UNINITIALIZED_AUTOS = YES_AGGRESSIVE;
				GCC_WARN_UNUSED_FUNCTION = YES;
				GCC_WARN_UNUSED_VARIABLE = YES;
				MTL_ENABLE_DEBUG_INFO = NO;
				SDKROOT = iphoneos;
				TARGETED_DEVICE_FAMILY = "1,2";
				VALIDATE_PRODUCT = YES;
			};
			name = Release;
		};
		BE918C6A1A22A5F5006043CF /* Debug */ = {
			isa = XCBuildConfiguration;
			buildSettings = {
				ALWAYS_EMBED_SWIFT_STANDARD_LIBRARIES = YES;
				ASSETCATALOG_COMPILER_APPICON_NAME = "AppIcon-red";
				CODE_SIGN_ENTITLEMENTS = Kotoba/Kotoba.entitlements;
				CURRENT_PROJECT_VERSION = 1592141211;
				DEVELOPMENT_TEAM = 8B38X92RJ6;
				INFOPLIST_FILE = Kotoba/Info.plist;
				IPHONEOS_DEPLOYMENT_TARGET = 13.0;
				LD_RUNPATH_SEARCH_PATHS = "$(inherited) @executable_path/Frameworks";
				MARKETING_VERSION = 2.0;
				PRODUCT_BUNDLE_IDENTIFIER = com.willhains.Kotoba;
				PRODUCT_NAME = "$(TARGET_NAME)";
				PROVISIONING_PROFILE = "";
				SUPPORTS_MACCATALYST = NO;
				SWIFT_ACTIVE_COMPILATION_CONDITIONS = DEBUG;
				SWIFT_VERSION = 5.0;
				TARGETED_DEVICE_FAMILY = "1,2";
			};
			name = Debug;
		};
		BE918C6B1A22A5F5006043CF /* Release */ = {
			isa = XCBuildConfiguration;
			buildSettings = {
				ALWAYS_EMBED_SWIFT_STANDARD_LIBRARIES = YES;
				ASSETCATALOG_COMPILER_APPICON_NAME = "AppIcon-red";
				CODE_SIGN_ENTITLEMENTS = Kotoba/Kotoba.entitlements;
				CURRENT_PROJECT_VERSION = 1592141211;
				DEVELOPMENT_TEAM = 8B38X92RJ6;
				INFOPLIST_FILE = Kotoba/Info.plist;
				IPHONEOS_DEPLOYMENT_TARGET = 13.0;
				LD_RUNPATH_SEARCH_PATHS = "$(inherited) @executable_path/Frameworks";
				MARKETING_VERSION = 2.0;
				PRODUCT_BUNDLE_IDENTIFIER = com.willhains.Kotoba;
				PRODUCT_NAME = "$(TARGET_NAME)";
				PROVISIONING_PROFILE = "";
				SUPPORTS_MACCATALYST = NO;
				SWIFT_OPTIMIZATION_LEVEL = "-Owholemodule";
				SWIFT_VERSION = 5.0;
				TARGETED_DEVICE_FAMILY = "1,2";
			};
			name = Release;
		};
		BEA413BE1D1CABB600D177C2 /* Debug */ = {
			isa = XCBuildConfiguration;
			buildSettings = {
				BUNDLE_LOADER = "$(TEST_HOST)";
				CLANG_ANALYZER_NONNULL = YES;
				"CODE_SIGN_IDENTITY[sdk=macosx*]" = "Apple Development";
				DEBUG_INFORMATION_FORMAT = dwarf;
				DEVELOPMENT_TEAM = 8B38X92RJ6;
				GCC_NO_COMMON_BLOCKS = YES;
				INFOPLIST_FILE = KotobaTests/Info.plist;
				LD_RUNPATH_SEARCH_PATHS = "$(inherited) @executable_path/Frameworks @loader_path/Frameworks";
				PRODUCT_BUNDLE_IDENTIFIER = com.willhains.KotobaTests;
				PRODUCT_NAME = "$(TARGET_NAME)";
				SWIFT_VERSION = 5.0;
				TEST_HOST = "$(BUILT_PRODUCTS_DIR)/Kotoba.app/Kotoba";
			};
			name = Debug;
		};
		BEA413BF1D1CABB600D177C2 /* Release */ = {
			isa = XCBuildConfiguration;
			buildSettings = {
				BUNDLE_LOADER = "$(TEST_HOST)";
				CLANG_ANALYZER_NONNULL = YES;
				"CODE_SIGN_IDENTITY[sdk=macosx*]" = "Apple Development";
				COPY_PHASE_STRIP = NO;
				DEBUG_INFORMATION_FORMAT = "dwarf-with-dsym";
				DEVELOPMENT_TEAM = 8B38X92RJ6;
				GCC_NO_COMMON_BLOCKS = YES;
				INFOPLIST_FILE = KotobaTests/Info.plist;
				LD_RUNPATH_SEARCH_PATHS = "$(inherited) @executable_path/Frameworks @loader_path/Frameworks";
				PRODUCT_BUNDLE_IDENTIFIER = com.willhains.KotobaTests;
				PRODUCT_NAME = "$(TARGET_NAME)";
				SWIFT_OPTIMIZATION_LEVEL = "-Owholemodule";
				SWIFT_VERSION = 5.0;
				TEST_HOST = "$(BUILT_PRODUCTS_DIR)/Kotoba.app/Kotoba";
			};
			name = Release;
		};
		BEB232531D1DD3B800369560 /* Debug */ = {
			isa = XCBuildConfiguration;
			buildSettings = {
				CLANG_ANALYZER_NONNULL = YES;
				DEBUG_INFORMATION_FORMAT = dwarf;
				DEVELOPMENT_TEAM = 8B38X92RJ6;
				GCC_NO_COMMON_BLOCKS = YES;
				INFOPLIST_FILE = KotobaUITests/Info.plist;
				LD_RUNPATH_SEARCH_PATHS = "$(inherited) @executable_path/Frameworks @loader_path/Frameworks";
				PRODUCT_BUNDLE_IDENTIFIER = com.willhains.KotobaUITests;
				PRODUCT_NAME = "$(TARGET_NAME)";
				SWIFT_VERSION = 5.0;
				TEST_TARGET_NAME = Kotoba;
			};
			name = Debug;
		};
		BEB232541D1DD3B800369560 /* Release */ = {
			isa = XCBuildConfiguration;
			buildSettings = {
				CLANG_ANALYZER_NONNULL = YES;
				COPY_PHASE_STRIP = NO;
				DEBUG_INFORMATION_FORMAT = "dwarf-with-dsym";
				DEVELOPMENT_TEAM = 8B38X92RJ6;
				GCC_NO_COMMON_BLOCKS = YES;
				INFOPLIST_FILE = KotobaUITests/Info.plist;
				LD_RUNPATH_SEARCH_PATHS = "$(inherited) @executable_path/Frameworks @loader_path/Frameworks";
				PRODUCT_BUNDLE_IDENTIFIER = com.willhains.KotobaUITests;
				PRODUCT_NAME = "$(TARGET_NAME)";
				SWIFT_OPTIMIZATION_LEVEL = "-Owholemodule";
				SWIFT_VERSION = 5.0;
				TEST_TARGET_NAME = Kotoba;
			};
			name = Release;
		};
/* End XCBuildConfiguration section */

/* Begin XCConfigurationList section */
		B6F459592460E15100E2174D /* Build configuration list for PBXNativeTarget "ShareExtension" */ = {
			isa = XCConfigurationList;
			buildConfigurations = (
				B6F459572460E15100E2174D /* Debug */,
				B6F459582460E15100E2174D /* Release */,
			);
			defaultConfigurationIsVisible = 0;
			defaultConfigurationName = Release;
		};
		BE918C451A22A5F5006043CF /* Build configuration list for PBXProject "Kotoba" */ = {
			isa = XCConfigurationList;
			buildConfigurations = (
				BE918C671A22A5F5006043CF /* Debug */,
				BE918C681A22A5F5006043CF /* Release */,
			);
			defaultConfigurationIsVisible = 0;
			defaultConfigurationName = Release;
		};
		BE918C691A22A5F5006043CF /* Build configuration list for PBXNativeTarget "Kotoba" */ = {
			isa = XCConfigurationList;
			buildConfigurations = (
				BE918C6A1A22A5F5006043CF /* Debug */,
				BE918C6B1A22A5F5006043CF /* Release */,
			);
			defaultConfigurationIsVisible = 0;
			defaultConfigurationName = Release;
		};
		BEA413C01D1CABB600D177C2 /* Build configuration list for PBXNativeTarget "KotobaTests" */ = {
			isa = XCConfigurationList;
			buildConfigurations = (
				BEA413BE1D1CABB600D177C2 /* Debug */,
				BEA413BF1D1CABB600D177C2 /* Release */,
			);
			defaultConfigurationIsVisible = 0;
			defaultConfigurationName = Release;
		};
		BEB232551D1DD3B800369560 /* Build configuration list for PBXNativeTarget "KotobaUITests" */ = {
			isa = XCConfigurationList;
			buildConfigurations = (
				BEB232531D1DD3B800369560 /* Debug */,
				BEB232541D1DD3B800369560 /* Release */,
			);
			defaultConfigurationIsVisible = 0;
			defaultConfigurationName = Release;
		};
/* End XCConfigurationList section */
	};
	rootObject = BE918C421A22A5F5006043CF /* Project object */;
}
