// !$*UTF8*$!
{
	archiveVersion = 1;
	classes = {
	};
	objectVersion = 46;
	objects = {

/* Begin PBXBuildFile section */
		BE6F2A671A22FC8D008A7784 /* Timer.swift in Sources */ = {isa = PBXBuildFile; fileRef = BE6F2A661A22FC8D008A7784 /* Timer.swift */; };
		BE918C501A22A5F5006043CF /* AppDelegate.swift in Sources */ = {isa = PBXBuildFile; fileRef = BE918C4F1A22A5F5006043CF /* AppDelegate.swift */; };
		BE918C521A22A5F5006043CF /* DictionaryViewController.swift in Sources */ = {isa = PBXBuildFile; fileRef = BE918C511A22A5F5006043CF /* DictionaryViewController.swift */; };
		BE918C551A22A5F5006043CF /* Main.storyboard in Resources */ = {isa = PBXBuildFile; fileRef = BE918C531A22A5F5006043CF /* Main.storyboard */; };
		BE918C571A22A5F5006043CF /* Images.xcassets in Resources */ = {isa = PBXBuildFile; fileRef = BE918C561A22A5F5006043CF /* Images.xcassets */; };
		BE918C5A1A22A5F5006043CF /* LaunchScreen.xib in Resources */ = {isa = PBXBuildFile; fileRef = BE918C581A22A5F5006043CF /* LaunchScreen.xib */; };
/* End PBXBuildFile section */

/* Begin PBXFileReference section */
		BE6F2A661A22FC8D008A7784 /* Timer.swift */ = {isa = PBXFileReference; fileEncoding = 4; lastKnownFileType = sourcecode.swift; path = Timer.swift; sourceTree = "<group>"; };
		BE918C4A1A22A5F5006043CF /* Dictionary.app */ = {isa = PBXFileReference; explicitFileType = wrapper.application; includeInIndex = 0; path = Dictionary.app; sourceTree = BUILT_PRODUCTS_DIR; };
		BE918C4E1A22A5F5006043CF /* Info.plist */ = {isa = PBXFileReference; lastKnownFileType = text.plist.xml; path = Info.plist; sourceTree = "<group>"; };
		BE918C4F1A22A5F5006043CF /* AppDelegate.swift */ = {isa = PBXFileReference; lastKnownFileType = sourcecode.swift; path = AppDelegate.swift; sourceTree = "<group>"; };
		BE918C511A22A5F5006043CF /* DictionaryViewController.swift */ = {isa = PBXFileReference; lastKnownFileType = sourcecode.swift; path = DictionaryViewController.swift; sourceTree = "<group>"; };
		BE918C541A22A5F5006043CF /* Base */ = {isa = PBXFileReference; lastKnownFileType = file.storyboard; name = Base; path = Base.lproj/Main.storyboard; sourceTree = "<group>"; };
		BE918C561A22A5F5006043CF /* Images.xcassets */ = {isa = PBXFileReference; lastKnownFileType = folder.assetcatalog; path = Images.xcassets; sourceTree = "<group>"; };
		BE918C591A22A5F5006043CF /* Base */ = {isa = PBXFileReference; lastKnownFileType = file.xib; name = Base; path = Base.lproj/LaunchScreen.xib; sourceTree = "<group>"; };
/* End PBXFileReference section */

/* Begin PBXFrameworksBuildPhase section */
		BE918C471A22A5F5006043CF /* Frameworks */ = {
			isa = PBXFrameworksBuildPhase;
			buildActionMask = 2147483647;
			files = (
			);
			runOnlyForDeploymentPostprocessing = 0;
		};
/* End PBXFrameworksBuildPhase section */

/* Begin PBXGroup section */
		BE918C411A22A5F5006043CF = {
			isa = PBXGroup;
			children = (
				BE918C4C1A22A5F5006043CF /* Dictionary */,
				BE918C4B1A22A5F5006043CF /* Products */,
			);
			sourceTree = "<group>";
		};
		BE918C4B1A22A5F5006043CF /* Products */ = {
			isa = PBXGroup;
			children = (
				BE918C4A1A22A5F5006043CF /* Dictionary.app */,
			);
			name = Products;
			sourceTree = "<group>";
		};
		BE918C4C1A22A5F5006043CF /* Dictionary */ = {
			isa = PBXGroup;
			children = (
				BE918C4F1A22A5F5006043CF /* AppDelegate.swift */,
				BE918C511A22A5F5006043CF /* DictionaryViewController.swift */,
				BE6F2A661A22FC8D008A7784 /* Timer.swift */,
				BE918C531A22A5F5006043CF /* Main.storyboard */,
				BE918C561A22A5F5006043CF /* Images.xcassets */,
				BE918C581A22A5F5006043CF /* LaunchScreen.xib */,
				BE918C4D1A22A5F5006043CF /* Supporting Files */,
			);
			path = Dictionary;
			sourceTree = "<group>";
		};
		BE918C4D1A22A5F5006043CF /* Supporting Files */ = {
			isa = PBXGroup;
			children = (
				BE918C4E1A22A5F5006043CF /* Info.plist */,
			);
			name = "Supporting Files";
			sourceTree = "<group>";
		};
/* End PBXGroup section */

/* Begin PBXNativeTarget section */
		BE918C491A22A5F5006043CF /* Dictionary */ = {
			isa = PBXNativeTarget;
			buildConfigurationList = BE918C691A22A5F5006043CF /* Build configuration list for PBXNativeTarget "Dictionary" */;
			buildPhases = (
				BE918C461A22A5F5006043CF /* Sources */,
				BE918C471A22A5F5006043CF /* Frameworks */,
				BE918C481A22A5F5006043CF /* Resources */,
			);
			buildRules = (
			);
			dependencies = (
			);
			name = Dictionary;
			productName = Dictionary;
			productReference = BE918C4A1A22A5F5006043CF /* Dictionary.app */;
			productType = "com.apple.product-type.application";
		};
/* End PBXNativeTarget section */

/* Begin PBXProject section */
		BE918C421A22A5F5006043CF /* Project object */ = {
			isa = PBXProject;
			attributes = {
				LastSwiftMigration = 0730;
				LastUpgradeCheck = 0700;
				ORGANIZATIONNAME = "Will Hains";
				TargetAttributes = {
					BE918C491A22A5F5006043CF = {
						CreatedOnToolsVersion = 6.2;
					};
				};
			};
			buildConfigurationList = BE918C451A22A5F5006043CF /* Build configuration list for PBXProject "Dictionary" */;
			compatibilityVersion = "Xcode 3.2";
			developmentRegion = English;
			hasScannedForEncodings = 0;
			knownRegions = (
				en,
				Base,
			);
			mainGroup = BE918C411A22A5F5006043CF;
			productRefGroup = BE918C4B1A22A5F5006043CF /* Products */;
			projectDirPath = "";
			projectRoot = "";
			targets = (
				BE918C491A22A5F5006043CF /* Dictionary */,
			);
		};
/* End PBXProject section */

/* Begin PBXResourcesBuildPhase section */
		BE918C481A22A5F5006043CF /* Resources */ = {
			isa = PBXResourcesBuildPhase;
			buildActionMask = 2147483647;
			files = (
				BE918C551A22A5F5006043CF /* Main.storyboard in Resources */,
				BE918C5A1A22A5F5006043CF /* LaunchScreen.xib in Resources */,
				BE918C571A22A5F5006043CF /* Images.xcassets in Resources */,
			);
			runOnlyForDeploymentPostprocessing = 0;
		};
/* End PBXResourcesBuildPhase section */

/* Begin PBXSourcesBuildPhase section */
		BE918C461A22A5F5006043CF /* Sources */ = {
			isa = PBXSourcesBuildPhase;
			buildActionMask = 2147483647;
			files = (
				BE6F2A671A22FC8D008A7784 /* Timer.swift in Sources */,
				BE918C521A22A5F5006043CF /* DictionaryViewController.swift in Sources */,
				BE918C501A22A5F5006043CF /* AppDelegate.swift in Sources */,
			);
			runOnlyForDeploymentPostprocessing = 0;
		};
/* End PBXSourcesBuildPhase section */

/* Begin PBXVariantGroup section */
		BE918C531A22A5F5006043CF /* Main.storyboard */ = {
			isa = PBXVariantGroup;
			children = (
				BE918C541A22A5F5006043CF /* Base */,
			);
			name = Main.storyboard;
			sourceTree = "<group>";
		};
		BE918C581A22A5F5006043CF /* LaunchScreen.xib */ = {
			isa = PBXVariantGroup;
			children = (
				BE918C591A22A5F5006043CF /* Base */,
			);
			name = LaunchScreen.xib;
			sourceTree = "<group>";
		};
/* End PBXVariantGroup section */

/* Begin XCBuildConfiguration section */
		BE918C671A22A5F5006043CF /* Debug */ = {
			isa = XCBuildConfiguration;
			buildSettings = {
				ALWAYS_SEARCH_USER_PATHS = NO;
				CLANG_CXX_LANGUAGE_STANDARD = "gnu++0x";
				CLANG_CXX_LIBRARY = "libc++";
				CLANG_ENABLE_MODULES = YES;
				CLANG_ENABLE_OBJC_ARC = YES;
				CLANG_WARN_BOOL_CONVERSION = YES;
				CLANG_WARN_CONSTANT_CONVERSION = YES;
				CLANG_WARN_DIRECT_OBJC_ISA_USAGE = YES_ERROR;
				CLANG_WARN_EMPTY_BODY = YES;
				CLANG_WARN_ENUM_CONVERSION = YES;
				CLANG_WARN_INT_CONVERSION = YES;
				CLANG_WARN_OBJC_ROOT_CLASS = YES_ERROR;
				CLANG_WARN_UNREACHABLE_CODE = YES;
				CLANG_WARN__DUPLICATE_METHOD_MATCH = YES;
				"CODE_SIGN_IDENTITY[sdk=iphoneos*]" = "iPhone Developer";
				COPY_PHASE_STRIP = NO;
				ENABLE_STRICT_OBJC_MSGSEND = YES;
				ENABLE_TESTABILITY = YES;
				GCC_C_LANGUAGE_STANDARD = gnu99;
				GCC_DYNAMIC_NO_PIC = NO;
				GCC_OPTIMIZATION_LEVEL = 0;
				GCC_PREPROCESSOR_DEFINITIONS = (
					"DEBUG=1",
					"$(inherited)",
				);
				GCC_SYMBOLS_PRIVATE_EXTERN = NO;
				GCC_WARN_64_TO_32_BIT_CONVERSION = YES;
				GCC_WARN_ABOUT_RETURN_TYPE = YES_ERROR;
				GCC_WARN_UNDECLARED_SELECTOR = YES;
				GCC_WARN_UNINITIALIZED_AUTOS = YES_AGGRESSIVE;
				GCC_WARN_UNUSED_FUNCTION = YES;
				GCC_WARN_UNUSED_VARIABLE = YES;
				IPHONEOS_DEPLOYMENT_TARGET = 8.1;
				MTL_ENABLE_DEBUG_INFO = YES;
				ONLY_ACTIVE_ARCH = YES;
				SDKROOT = iphoneos;
				SWIFT_OPTIMIZATION_LEVEL = "-Onone";
				TARGETED_DEVICE_FAMILY = "1,2";
			};
			name = Debug;
		};
		BE918C681A22A5F5006043CF /* Release */ = {
			isa = XCBuildConfiguration;
			buildSettings = {
				ALWAYS_SEARCH_USER_PATHS = NO;
				CLANG_CXX_LANGUAGE_STANDARD = "gnu++0x";
				CLANG_CXX_LIBRARY = "libc++";
				CLANG_ENABLE_MODULES = YES;
				CLANG_ENABLE_OBJC_ARC = YES;
				CLANG_WARN_BOOL_CONVERSION = YES;
				CLANG_WARN_CONSTANT_CONVERSION = YES;
				CLANG_WARN_DIRECT_OBJC_ISA_USAGE = YES_ERROR;
				CLANG_WARN_EMPTY_BODY = YES;
				CLANG_WARN_ENUM_CONVERSION = YES;
				CLANG_WARN_INT_CONVERSION = YES;
				CLANG_WARN_OBJC_ROOT_CLASS = YES_ERROR;
				CLANG_WARN_UNREACHABLE_CODE = YES;
				CLANG_WARN__DUPLICATE_METHOD_MATCH = YES;
				"CODE_SIGN_IDENTITY[sdk=iphoneos*]" = "iPhone Developer";
				COPY_PHASE_STRIP = YES;
				ENABLE_NS_ASSERTIONS = NO;
				ENABLE_STRICT_OBJC_MSGSEND = YES;
				GCC_C_LANGUAGE_STANDARD = gnu99;
				GCC_WARN_64_TO_32_BIT_CONVERSION = YES;
				GCC_WARN_ABOUT_RETURN_TYPE = YES_ERROR;
				GCC_WARN_UNDECLARED_SELECTOR = YES;
				GCC_WARN_UNINITIALIZED_AUTOS = YES_AGGRESSIVE;
				GCC_WARN_UNUSED_FUNCTION = YES;
				GCC_WARN_UNUSED_VARIABLE = YES;
				IPHONEOS_DEPLOYMENT_TARGET = 8.1;
				MTL_ENABLE_DEBUG_INFO = NO;
				SDKROOT = iphoneos;
				TARGETED_DEVICE_FAMILY = "1,2";
				VALIDATE_PRODUCT = YES;
			};
			name = Release;
		};
		BE918C6A1A22A5F5006043CF /* Debug */ = {
			isa = XCBuildConfiguration;
			buildSettings = {
				ASSETCATALOG_COMPILER_APPICON_NAME = AppIcon;
				CODE_SIGN_IDENTITY = "iPhone Developer";
				"CODE_SIGN_IDENTITY[sdk=iphoneos*]" = "iPhone Developer";
				INFOPLIST_FILE = Dictionary/Info.plist;
				IPHONEOS_DEPLOYMENT_TARGET = 8.4;
				LD_RUNPATH_SEARCH_PATHS = "$(inherited) @executable_path/Frameworks";
				PRODUCT_BUNDLE_IDENTIFIER = "com.willhains.$(PRODUCT_NAME:rfc1034identifier)";
				PRODUCT_NAME = "$(TARGET_NAME)";
				PROVISIONING_PROFILE = "";
				TARGETED_DEVICE_FAMILY = 1;
			};
			name = Debug;
		};
		BE918C6B1A22A5F5006043CF /* Release */ = {
			isa = XCBuildConfiguration;
			buildSettings = {
				ASSETCATALOG_COMPILER_APPICON_NAME = AppIcon;
				CODE_SIGN_IDENTITY = "iPhone Developer";
				"CODE_SIGN_IDENTITY[sdk=iphoneos*]" = "iPhone Developer";
				INFOPLIST_FILE = Dictionary/Info.plist;
				IPHONEOS_DEPLOYMENT_TARGET = 8.4;
				LD_RUNPATH_SEARCH_PATHS = "$(inherited) @executable_path/Frameworks";
				PRODUCT_BUNDLE_IDENTIFIER = "com.willhains.$(PRODUCT_NAME:rfc1034identifier)";
				PRODUCT_NAME = "$(TARGET_NAME)";
				PROVISIONING_PROFILE = "";
				TARGETED_DEVICE_FAMILY = 1;
			};
			name = Release;
		};
/* End XCBuildConfiguration section */

/* Begin XCConfigurationList section */
		BE918C451A22A5F5006043CF /* Build configuration list for PBXProject "Dictionary" */ = {
			isa = XCConfigurationList;
			buildConfigurations = (
				BE918C671A22A5F5006043CF /* Debug */,
				BE918C681A22A5F5006043CF /* Release */,
			);
			defaultConfigurationIsVisible = 0;
			defaultConfigurationName = Release;
		};
		BE918C691A22A5F5006043CF /* Build configuration list for PBXNativeTarget "Dictionary" */ = {
			isa = XCConfigurationList;
			buildConfigurations = (
				BE918C6A1A22A5F5006043CF /* Debug */,
				BE918C6B1A22A5F5006043CF /* Release */,
			);
			defaultConfigurationIsVisible = 0;
			defaultConfigurationName = Release;
		};
/* End XCConfigurationList section */
	};
	rootObject = BE918C421A22A5F5006043CF /* Project object */;
}
